// !$*UTF8*$!
{
	archiveVersion = 1;
	classes = {
	};
	objectVersion = 56;
	objects = {

/* Begin PBXBuildFile section */
		220EA68E2A739F3900BFBDE5 /* 3 shara default.json in Resources */ = {isa = PBXBuildFile; fileRef = 220EA68D2A739F3900BFBDE5 /* 3 shara default.json */; };
		220EA6942A73BF8400BFBDE5 /* cloud_sun.json in Resources */ = {isa = PBXBuildFile; fileRef = 220EA6932A73BF8400BFBDE5 /* cloud_sun.json */; };
		222D33E12A7222F700004453 /* OverviewController.swift in Sources */ = {isa = PBXBuildFile; fileRef = 222D33E02A7222F700004453 /* OverviewController.swift */; };
		222D33E32A72236F00004453 /* OverviewMenuBar.swift in Sources */ = {isa = PBXBuildFile; fileRef = 222D33E22A72236F00004453 /* OverviewMenuBar.swift */; };
		222D33E62A722A9400004453 /* OverviewView.swift in Sources */ = {isa = PBXBuildFile; fileRef = 222D33E52A722A9400004453 /* OverviewView.swift */; };
		222D33E82A722BB300004453 /* StationStatisticsView.swift in Sources */ = {isa = PBXBuildFile; fileRef = 222D33E72A722BB300004453 /* StationStatisticsView.swift */; };
		222D33EC2A722C0000004453 /* StationDevicesView.swift in Sources */ = {isa = PBXBuildFile; fileRef = 222D33EB2A722C0000004453 /* StationDevicesView.swift */; };
		222D33EE2A72313B00004453 /* StationRealKpi.swift in Sources */ = {isa = PBXBuildFile; fileRef = 222D33ED2A72313B00004453 /* StationRealKpi.swift */; };
		222D33F02A72361F00004453 /* WeatherView.swift in Sources */ = {isa = PBXBuildFile; fileRef = 222D33EF2A72361F00004453 /* WeatherView.swift */; };
		222D33F22A72365900004453 /* Weather.swift in Sources */ = {isa = PBXBuildFile; fileRef = 222D33F12A72365900004453 /* Weather.swift */; };
		222D33F52A7253E000004453 /* 3 shara off.json in Resources */ = {isa = PBXBuildFile; fileRef = 222D33F32A7253E000004453 /* 3 shara off.json */; };
		222D33F62A7253E000004453 /* 3 shara.json in Resources */ = {isa = PBXBuildFile; fileRef = 222D33F42A7253E000004453 /* 3 shara.json */; };
		222D33F82A72775400004453 /* 3 shara faulty.json in Resources */ = {isa = PBXBuildFile; fileRef = 222D33F72A72775400004453 /* 3 shara faulty.json */; };
		222D33FA2A72912200004453 /* StationChartsView.swift in Sources */ = {isa = PBXBuildFile; fileRef = 222D33F92A72912200004453 /* StationChartsView.swift */; };
		2234836A2A74253C007DC1E1 /* locatin green.json in Resources */ = {isa = PBXBuildFile; fileRef = 223483642A74253B007DC1E1 /* locatin green.json */; };
		2234836B2A74253C007DC1E1 /* locatin grey tap.json in Resources */ = {isa = PBXBuildFile; fileRef = 223483652A74253B007DC1E1 /* locatin grey tap.json */; };
		2234836C2A74253C007DC1E1 /* locatin red tap.json in Resources */ = {isa = PBXBuildFile; fileRef = 223483662A74253C007DC1E1 /* locatin red tap.json */; };
		2234836D2A74253C007DC1E1 /* locatin red.json in Resources */ = {isa = PBXBuildFile; fileRef = 223483672A74253C007DC1E1 /* locatin red.json */; };
		2234836E2A74253C007DC1E1 /* locatin green tap.json in Resources */ = {isa = PBXBuildFile; fileRef = 223483682A74253C007DC1E1 /* locatin green tap.json */; };
		2234836F2A74253C007DC1E1 /* locatin grey.json in Resources */ = {isa = PBXBuildFile; fileRef = 223483692A74253C007DC1E1 /* locatin grey.json */; };
		223DCD132AA6E36C00E1AF6C /* UnissoLogin.swift in Sources */ = {isa = PBXBuildFile; fileRef = 223DCD122AA6E36C00E1AF6C /* UnissoLogin.swift */; };
		223DCD152AA6F17000E1AF6C /* ValidateCookie.swift in Sources */ = {isa = PBXBuildFile; fileRef = 223DCD142AA6F17000E1AF6C /* ValidateCookie.swift */; };
		2245356E2A72E056007F5708 /* BasicInfoController.swift in Sources */ = {isa = PBXBuildFile; fileRef = 2245356D2A72E056007F5708 /* BasicInfoController.swift */; };
		2260A4C82BD230C1003939DB /* AlarmStatisticsMapView.swift in Sources */ = {isa = PBXBuildFile; fileRef = 2260A4C72BD230C1003939DB /* AlarmStatisticsMapView.swift */; };
		2260A4CA2BD230E4003939DB /* StatisticsMapView.swift in Sources */ = {isa = PBXBuildFile; fileRef = 2260A4C92BD230E4003939DB /* StatisticsMapView.swift */; };
		2260A4CC2BD2312A003939DB /* PlantMapInfoContentView.swift in Sources */ = {isa = PBXBuildFile; fileRef = 2260A4CB2BD2312A003939DB /* PlantMapInfoContentView.swift */; };
		2260A4CE2BD2363E003939DB /* StatusOverviewView.swift in Sources */ = {isa = PBXBuildFile; fileRef = 2260A4CD2BD2363E003939DB /* StatusOverviewView.swift */; };
		2260A4D02BD23662003939DB /* ValueOverviewView.swift in Sources */ = {isa = PBXBuildFile; fileRef = 2260A4CF2BD23662003939DB /* ValueOverviewView.swift */; };
		2260A4D22BD23688003939DB /* BigValueOverviewView.swift in Sources */ = {isa = PBXBuildFile; fileRef = 2260A4D12BD23688003939DB /* BigValueOverviewView.swift */; };
		2260A4D42BD236A2003939DB /* BigValueOverviewCellView.swift in Sources */ = {isa = PBXBuildFile; fileRef = 2260A4D32BD236A2003939DB /* BigValueOverviewCellView.swift */; };
		2260A4D92BD24333003939DB /* OverviewAnimationView.swift in Sources */ = {isa = PBXBuildFile; fileRef = 2260A4D82BD24333003939DB /* OverviewAnimationView.swift */; };
		2260A4DC2BD26DCD003939DB /* BasicInfoSmallView.swift in Sources */ = {isa = PBXBuildFile; fileRef = 2260A4DB2BD26DCD003939DB /* BasicInfoSmallView.swift */; };
		2260A4DE2BD26DE6003939DB /* BasicInfoLargeView.swift in Sources */ = {isa = PBXBuildFile; fileRef = 2260A4DD2BD26DE6003939DB /* BasicInfoLargeView.swift */; };
		2260A4E02BD26E00003939DB /* BasicInfoAddressView.swift in Sources */ = {isa = PBXBuildFile; fileRef = 2260A4DF2BD26E00003939DB /* BasicInfoAddressView.swift */; };
		2260A4E32BD27710003939DB /* AlarmDetailBasicView.swift in Sources */ = {isa = PBXBuildFile; fileRef = 2260A4E22BD27710003939DB /* AlarmDetailBasicView.swift */; };
		2260A4E52BD27740003939DB /* AlarmDetailTextView.swift in Sources */ = {isa = PBXBuildFile; fileRef = 2260A4E42BD27740003939DB /* AlarmDetailTextView.swift */; };
		2260A4E72BD2775C003939DB /* AlarmContactView.swift in Sources */ = {isa = PBXBuildFile; fileRef = 2260A4E62BD2775C003939DB /* AlarmContactView.swift */; };
		229540C72BD0DEEE00BA0884 /* StatusNavigationView.swift in Sources */ = {isa = PBXBuildFile; fileRef = 229540C62BD0DEEE00BA0884 /* StatusNavigationView.swift */; };
		229540C92BD0E1BB00BA0884 /* PlantsTopView.swift in Sources */ = {isa = PBXBuildFile; fileRef = 229540C82BD0E1BB00BA0884 /* PlantsTopView.swift */; };
		229540CB2BD0E1D700BA0884 /* PlantsSearchView.swift in Sources */ = {isa = PBXBuildFile; fileRef = 229540CA2BD0E1D700BA0884 /* PlantsSearchView.swift */; };
		229540CF2BD11F8500BA0884 /* TotalStatisticsView.swift in Sources */ = {isa = PBXBuildFile; fileRef = 229540CE2BD11F8500BA0884 /* TotalStatisticsView.swift */; };
		229540D12BD12E0F00BA0884 /* StatisticsPlantsView.swift in Sources */ = {isa = PBXBuildFile; fileRef = 229540D02BD12E0F00BA0884 /* StatisticsPlantsView.swift */; };
		229540D32BD12E2F00BA0884 /* EnvironmentalView.swift in Sources */ = {isa = PBXBuildFile; fileRef = 229540D22BD12E2F00BA0884 /* EnvironmentalView.swift */; };
		229540D52BD12E4A00BA0884 /* EnvironmentalCellView.swift in Sources */ = {isa = PBXBuildFile; fileRef = 229540D42BD12E4A00BA0884 /* EnvironmentalCellView.swift */; };
		22A1AA302A6A93D1002AA262 /* PlantsFilterView.swift in Sources */ = {isa = PBXBuildFile; fileRef = 22A1AA2F2A6A93D1002AA262 /* PlantsFilterView.swift */; };
		22A1AA322A6BBADD002AA262 /* empty.json in Resources */ = {isa = PBXBuildFile; fileRef = 22A1AA312A6BBADD002AA262 /* empty.json */; };
		22A1AA342A6BD8C9002AA262 /* StatisticPlantCellView.swift in Sources */ = {isa = PBXBuildFile; fileRef = 22A1AA332A6BD8C9002AA262 /* StatisticPlantCellView.swift */; };
		22A1AA362A6C2687002AA262 /* GraphView.swift in Sources */ = {isa = PBXBuildFile; fileRef = 22A1AA352A6C2687002AA262 /* GraphView.swift */; };
		22A58A382A6914A400E29710 /* AppDelegate.swift in Sources */ = {isa = PBXBuildFile; fileRef = 22A58A372A6914A400E29710 /* AppDelegate.swift */; };
		22A58A3F2A6914A400E29710 /* Main.storyboard in Resources */ = {isa = PBXBuildFile; fileRef = 22A58A3D2A6914A400E29710 /* Main.storyboard */; };
		22A58A412A6914A500E29710 /* Assets.xcassets in Resources */ = {isa = PBXBuildFile; fileRef = 22A58A402A6914A500E29710 /* Assets.xcassets */; };
		22A58A442A6914A500E29710 /* LaunchScreen.storyboard in Resources */ = {isa = PBXBuildFile; fileRef = 22A58A422A6914A500E29710 /* LaunchScreen.storyboard */; };
		22A58A522A69154500E29710 /* Extensions.swift in Sources */ = {isa = PBXBuildFile; fileRef = 22A58A512A69154500E29710 /* Extensions.swift */; };
		22A58A542A69155E00E29710 /* ApiService.swift in Sources */ = {isa = PBXBuildFile; fileRef = 22A58A532A69155E00E29710 /* ApiService.swift */; };
		22A58A562A69159500E29710 /* JSONParse.swift in Sources */ = {isa = PBXBuildFile; fileRef = 22A58A552A69159500E29710 /* JSONParse.swift */; };
		22A58A582A6915BA00E29710 /* CustomError.swift in Sources */ = {isa = PBXBuildFile; fileRef = 22A58A572A6915BA00E29710 /* CustomError.swift */; };
		22A58A5A2A6915CD00E29710 /* SimpleErrorView.swift in Sources */ = {isa = PBXBuildFile; fileRef = 22A58A592A6915CD00E29710 /* SimpleErrorView.swift */; };
		22A58A5C2A6915E300E29710 /* LoadingView.swift in Sources */ = {isa = PBXBuildFile; fileRef = 22A58A5B2A6915E300E29710 /* LoadingView.swift */; };
		22A58A5E2A69160200E29710 /* SplashController.swift in Sources */ = {isa = PBXBuildFile; fileRef = 22A58A5D2A69160200E29710 /* SplashController.swift */; };
		22A58A602A69162D00E29710 /* solar_uzb.json in Resources */ = {isa = PBXBuildFile; fileRef = 22A58A5F2A69162D00E29710 /* solar_uzb.json */; };
		22A58A622A69164800E29710 /* Podfile in Resources */ = {isa = PBXBuildFile; fileRef = 22A58A612A69164800E29710 /* Podfile */; };
		22A58A652A6916C700E29710 /* Localizable.strings in Resources */ = {isa = PBXBuildFile; fileRef = 22A58A672A6916C700E29710 /* Localizable.strings */; };
		22A58A722A6918A100E29710 /* HomeController.swift in Sources */ = {isa = PBXBuildFile; fileRef = 22A58A712A6918A100E29710 /* HomeController.swift */; };
		22A58A742A691AAC00E29710 /* SignInController.swift in Sources */ = {isa = PBXBuildFile; fileRef = 22A58A732A691AAC00E29710 /* SignInController.swift */; };
		22A58A762A6A2CE200E29710 /* LanguageController.swift in Sources */ = {isa = PBXBuildFile; fileRef = 22A58A752A6A2CE200E29710 /* LanguageController.swift */; };
		22A58A782A6A353000E29710 /* Profile.swift in Sources */ = {isa = PBXBuildFile; fileRef = 22A58A772A6A353000E29710 /* Profile.swift */; };
		22A58A7A2A6A3B5A00E29710 /* loader.json in Resources */ = {isa = PBXBuildFile; fileRef = 22A58A792A6A3B5A00E29710 /* loader.json */; };
		22A58A7C2A6A3C6800E29710 /* MenuBar.swift in Sources */ = {isa = PBXBuildFile; fileRef = 22A58A7B2A6A3C6800E29710 /* MenuBar.swift */; };
		22A58A7E2A6A4A5D00E29710 /* HomeView.swift in Sources */ = {isa = PBXBuildFile; fileRef = 22A58A7D2A6A4A5D00E29710 /* HomeView.swift */; };
		22A58A832A6A516100E29710 /* PlantsView.swift in Sources */ = {isa = PBXBuildFile; fileRef = 22A58A822A6A516100E29710 /* PlantsView.swift */; };
		22A58A852A6A52A200E29710 /* StatisticPlantView.swift in Sources */ = {isa = PBXBuildFile; fileRef = 22A58A842A6A52A200E29710 /* StatisticPlantView.swift */; };
		22A58A872A6A6B3F00E29710 /* PlantCellView.swift in Sources */ = {isa = PBXBuildFile; fileRef = 22A58A862A6A6B3F00E29710 /* PlantCellView.swift */; };
		22A58A892A6A6BB600E29710 /* Station.swift in Sources */ = {isa = PBXBuildFile; fileRef = 22A58A882A6A6BB600E29710 /* Station.swift */; };
		22A58A8B2A6A6D9000E29710 /* EmptyDataView.swift in Sources */ = {isa = PBXBuildFile; fileRef = 22A58A8A2A6A6D9000E29710 /* EmptyDataView.swift */; };
		22B3C9DD2A6F792100548753 /* MaintenanceView.swift in Sources */ = {isa = PBXBuildFile; fileRef = 22B3C9DC2A6F792100548753 /* MaintenanceView.swift */; };
		22B3C9E02A6F79D000548753 /* MaintenanceNavigationView.swift in Sources */ = {isa = PBXBuildFile; fileRef = 22B3C9DF2A6F79D000548753 /* MaintenanceNavigationView.swift */; };
		22B3C9E22A6F7AFC00548753 /* AlarmsCellView.swift in Sources */ = {isa = PBXBuildFile; fileRef = 22B3C9E12A6F7AFC00548753 /* AlarmsCellView.swift */; };
		22B3C9E42A6F7B5700548753 /* TasksCellView.swift in Sources */ = {isa = PBXBuildFile; fileRef = 22B3C9E32A6F7B5700548753 /* TasksCellView.swift */; };
		22B3C9E62A6F7CE700548753 /* DevicesView.swift in Sources */ = {isa = PBXBuildFile; fileRef = 22B3C9E52A6F7CE700548753 /* DevicesView.swift */; };
		22B3C9E92A6F7D4200548753 /* ProfileView.swift in Sources */ = {isa = PBXBuildFile; fileRef = 22B3C9E82A6F7D4200548753 /* ProfileView.swift */; };
		22B3C9EB2A6F81A300548753 /* AlarmsStatisticView.swift in Sources */ = {isa = PBXBuildFile; fileRef = 22B3C9EA2A6F81A300548753 /* AlarmsStatisticView.swift */; };
		22B3C9EF2A6FA65F00548753 /* ELKI 2.json in Resources */ = {isa = PBXBuildFile; fileRef = 22B3C9EE2A6FA65F00548753 /* ELKI 2.json */; };
		22B3C9F12A6FACA600548753 /* Alarm.swift in Sources */ = {isa = PBXBuildFile; fileRef = 22B3C9F02A6FACA600548753 /* Alarm.swift */; };
		22B3C9F52A6FAEE400548753 /* zavod.json in Resources */ = {isa = PBXBuildFile; fileRef = 22B3C9F42A6FAEE400548753 /* zavod.json */; };
		22B3C9F72A6FB01C00548753 /* AlarmCellView.swift in Sources */ = {isa = PBXBuildFile; fileRef = 22B3C9F62A6FB01C00548753 /* AlarmCellView.swift */; };
		22B3C9FB2A6FB24800548753 /* stroyka.json in Resources */ = {isa = PBXBuildFile; fileRef = 22B3C9FA2A6FB24800548753 /* stroyka.json */; };
		22B3CA082A6FCD3A00548753 /* alarm pink.json in Resources */ = {isa = PBXBuildFile; fileRef = 22B3CA042A6FCD3900548753 /* alarm pink.json */; };
		22B3CA0E2A6FD00700548753 /* alarm yellow.json in Resources */ = {isa = PBXBuildFile; fileRef = 22B3CA0C2A6FD00600548753 /* alarm yellow.json */; };
		22B3CA0F2A6FD00700548753 /* alarm warning.json in Resources */ = {isa = PBXBuildFile; fileRef = 22B3CA0D2A6FD00700548753 /* alarm warning.json */; };
		22B3CA112A6FD04B00548753 /* alarm orange.json in Resources */ = {isa = PBXBuildFile; fileRef = 22B3CA102A6FD04B00548753 /* alarm orange.json */; };
		22C0E2DE2A73C70C000FFAAB /* MapView.swift in Sources */ = {isa = PBXBuildFile; fileRef = 22C0E2DD2A73C70C000FFAAB /* MapView.swift */; };
		22C0E2E02A73CCF3000FFAAB /* style.json in Resources */ = {isa = PBXBuildFile; fileRef = 22C0E2DF2A73CCF3000FFAAB /* style.json */; };
		22C0E2E22A73E3C0000FFAAB /* PlantMapInfoView.swift in Sources */ = {isa = PBXBuildFile; fileRef = 22C0E2E12A73E3C0000FFAAB /* PlantMapInfoView.swift */; };
		22C53B7E2A6E62850014D195 /* icon stroyka.json in Resources */ = {isa = PBXBuildFile; fileRef = 22C53B7D2A6E62850014D195 /* icon stroyka.json */; };
		22C53B832A6E8AAD0014D195 /* BalloonMarker.swift in Sources */ = {isa = PBXBuildFile; fileRef = 22C53B822A6E8AAD0014D195 /* BalloonMarker.swift */; };
		22C53B852A6E8F0B0014D195 /* XYMarkerView.swift in Sources */ = {isa = PBXBuildFile; fileRef = 22C53B842A6E8F0B0014D195 /* XYMarkerView.swift */; };
		22C53B872A6E96050014D195 /* DatePickerView.swift in Sources */ = {isa = PBXBuildFile; fileRef = 22C53B862A6E96050014D195 /* DatePickerView.swift */; };
		22C53B892A6EA7C90014D195 /* MonthPickerView.swift in Sources */ = {isa = PBXBuildFile; fileRef = 22C53B882A6EA7C90014D195 /* MonthPickerView.swift */; };
		22C53B8B2A6EA8EB0014D195 /* MonthYearWheelPicker.swift in Sources */ = {isa = PBXBuildFile; fileRef = 22C53B8A2A6EA8EB0014D195 /* MonthYearWheelPicker.swift */; };
		22C53B8D2A6EAB410014D195 /* YearWheelPicker.swift in Sources */ = {isa = PBXBuildFile; fileRef = 22C53B8C2A6EAB410014D195 /* YearWheelPicker.swift */; };
		22C53B8F2A6EAC5D0014D195 /* YearPickerView.swift in Sources */ = {isa = PBXBuildFile; fileRef = 22C53B8E2A6EAC5D0014D195 /* YearPickerView.swift */; };
		22CE080B2A6FE79900E03A1B /* DeviceTypeSearchView.swift in Sources */ = {isa = PBXBuildFile; fileRef = 22CE080A2A6FE79900E03A1B /* DeviceTypeSearchView.swift */; };
		22CE080D2A6FF73300E03A1B /* Device.swift in Sources */ = {isa = PBXBuildFile; fileRef = 22CE080C2A6FF73300E03A1B /* Device.swift */; };
		22ED5C852A70C6A3007C8AB1 /* DeviceCellView.swift in Sources */ = {isa = PBXBuildFile; fileRef = 22ED5C842A70C6A3007C8AB1 /* DeviceCellView.swift */; };
		22ED5C872A70CA2C007C8AB1 /* DeviceInverterCellView.swift in Sources */ = {isa = PBXBuildFile; fileRef = 22ED5C862A70CA2C007C8AB1 /* DeviceInverterCellView.swift */; };
		22ED5C892A70D7AC007C8AB1 /* DeviceFilterView.swift in Sources */ = {isa = PBXBuildFile; fileRef = 22ED5C882A70D7AC007C8AB1 /* DeviceFilterView.swift */; };
		22ED5C8C2A70ED5E007C8AB1 /* SettingsController.swift in Sources */ = {isa = PBXBuildFile; fileRef = 22ED5C8B2A70ED5E007C8AB1 /* SettingsController.swift */; };
		22ED5C8E2A70F4C9007C8AB1 /* ChangeLanguageController.swift in Sources */ = {isa = PBXBuildFile; fileRef = 22ED5C8D2A70F4C9007C8AB1 /* ChangeLanguageController.swift */; };
		22ED5C902A70F96D007C8AB1 /* LogoutQuestionView.swift in Sources */ = {isa = PBXBuildFile; fileRef = 22ED5C8F2A70F96D007C8AB1 /* LogoutQuestionView.swift */; };
		22ED5C922A712BB6007C8AB1 /* TasksNavigationView.swift in Sources */ = {isa = PBXBuildFile; fileRef = 22ED5C912A712BB6007C8AB1 /* TasksNavigationView.swift */; };
		22ED5C942A7136B6007C8AB1 /* InspectionTasksCellView.swift in Sources */ = {isa = PBXBuildFile; fileRef = 22ED5C932A7136B6007C8AB1 /* InspectionTasksCellView.swift */; };
		22ED5C962A7136FB007C8AB1 /* EliminationTasksCellView.swift in Sources */ = {isa = PBXBuildFile; fileRef = 22ED5C952A7136FB007C8AB1 /* EliminationTasksCellView.swift */; };
		22ED5C982A713DF7007C8AB1 /* AlarmDetailController.swift in Sources */ = {isa = PBXBuildFile; fileRef = 22ED5C972A713DF7007C8AB1 /* AlarmDetailController.swift */; };
		22F2D2CC2A77695D003DA894 /* cloud snow.json in Resources */ = {isa = PBXBuildFile; fileRef = 22F2D2C12A77695C003DA894 /* cloud snow.json */; };
		22F2D2CD2A77695D003DA894 /* cloud rain storm.json in Resources */ = {isa = PBXBuildFile; fileRef = 22F2D2C22A77695C003DA894 /* cloud rain storm.json */; };
		22F2D2CE2A77695D003DA894 /* LUNA.json in Resources */ = {isa = PBXBuildFile; fileRef = 22F2D2C32A77695C003DA894 /* LUNA.json */; };
		22F2D2CF2A77695D003DA894 /* LUNA I CLOUD.json in Resources */ = {isa = PBXBuildFile; fileRef = 22F2D2C42A77695C003DA894 /* LUNA I CLOUD.json */; };
		22F2D2D02A77695D003DA894 /* sun.json in Resources */ = {isa = PBXBuildFile; fileRef = 22F2D2C52A77695C003DA894 /* sun.json */; };
		22F2D2D12A77695D003DA894 /* veter.json in Resources */ = {isa = PBXBuildFile; fileRef = 22F2D2C62A77695C003DA894 /* veter.json */; };
		22F2D2D22A77695D003DA894 /* cloud rain.json in Resources */ = {isa = PBXBuildFile; fileRef = 22F2D2C72A77695C003DA894 /* cloud rain.json */; };
		22F2D2D32A77695D003DA894 /* sun cloud rain.json in Resources */ = {isa = PBXBuildFile; fileRef = 22F2D2C82A77695D003DA894 /* sun cloud rain.json */; };
		22F2D2D42A77695D003DA894 /* sun cloud rain snow.json in Resources */ = {isa = PBXBuildFile; fileRef = 22F2D2C92A77695D003DA894 /* sun cloud rain snow.json */; };
		22F2D2D52A77695D003DA894 /* cloud storm.json in Resources */ = {isa = PBXBuildFile; fileRef = 22F2D2CA2A77695D003DA894 /* cloud storm.json */; };
		22F2D2D62A77695D003DA894 /* cloud grad.json in Resources */ = {isa = PBXBuildFile; fileRef = 22F2D2CB2A77695D003DA894 /* cloud grad.json */; };
		DD7F8F6BB25DE47E5D13D85F /* libPods-FusionSolar.a in Frameworks */ = {isa = PBXBuildFile; fileRef = 24BB506999E0EC252C894123 /* libPods-FusionSolar.a */; };
/* End PBXBuildFile section */

/* Begin PBXFileReference section */
		220EA68D2A739F3900BFBDE5 /* 3 shara default.json */ = {isa = PBXFileReference; fileEncoding = 4; lastKnownFileType = text.json; path = "3 shara default.json"; sourceTree = "<group>"; };
		220EA6932A73BF8400BFBDE5 /* cloud_sun.json */ = {isa = PBXFileReference; fileEncoding = 4; lastKnownFileType = text.json; path = cloud_sun.json; sourceTree = "<group>"; };
		222D33E02A7222F700004453 /* OverviewController.swift */ = {isa = PBXFileReference; lastKnownFileType = sourcecode.swift; path = OverviewController.swift; sourceTree = "<group>"; };
		222D33E22A72236F00004453 /* OverviewMenuBar.swift */ = {isa = PBXFileReference; lastKnownFileType = sourcecode.swift; path = OverviewMenuBar.swift; sourceTree = "<group>"; };
		222D33E52A722A9400004453 /* OverviewView.swift */ = {isa = PBXFileReference; lastKnownFileType = sourcecode.swift; path = OverviewView.swift; sourceTree = "<group>"; };
		222D33E72A722BB300004453 /* StationStatisticsView.swift */ = {isa = PBXFileReference; lastKnownFileType = sourcecode.swift; path = StationStatisticsView.swift; sourceTree = "<group>"; };
		222D33EB2A722C0000004453 /* StationDevicesView.swift */ = {isa = PBXFileReference; lastKnownFileType = sourcecode.swift; path = StationDevicesView.swift; sourceTree = "<group>"; };
		222D33ED2A72313B00004453 /* StationRealKpi.swift */ = {isa = PBXFileReference; lastKnownFileType = sourcecode.swift; path = StationRealKpi.swift; sourceTree = "<group>"; };
		222D33EF2A72361F00004453 /* WeatherView.swift */ = {isa = PBXFileReference; lastKnownFileType = sourcecode.swift; path = WeatherView.swift; sourceTree = "<group>"; };
		222D33F12A72365900004453 /* Weather.swift */ = {isa = PBXFileReference; lastKnownFileType = sourcecode.swift; path = Weather.swift; sourceTree = "<group>"; };
		222D33F32A7253E000004453 /* 3 shara off.json */ = {isa = PBXFileReference; fileEncoding = 4; lastKnownFileType = text.json; path = "3 shara off.json"; sourceTree = "<group>"; };
		222D33F42A7253E000004453 /* 3 shara.json */ = {isa = PBXFileReference; fileEncoding = 4; lastKnownFileType = text.json; path = "3 shara.json"; sourceTree = "<group>"; };
		222D33F72A72775400004453 /* 3 shara faulty.json */ = {isa = PBXFileReference; fileEncoding = 4; lastKnownFileType = text.json; path = "3 shara faulty.json"; sourceTree = "<group>"; };
		222D33F92A72912200004453 /* StationChartsView.swift */ = {isa = PBXFileReference; lastKnownFileType = sourcecode.swift; path = StationChartsView.swift; sourceTree = "<group>"; };
		223483642A74253B007DC1E1 /* locatin green.json */ = {isa = PBXFileReference; fileEncoding = 4; lastKnownFileType = text.json; path = "locatin green.json"; sourceTree = "<group>"; };
		223483652A74253B007DC1E1 /* locatin grey tap.json */ = {isa = PBXFileReference; fileEncoding = 4; lastKnownFileType = text.json; path = "locatin grey tap.json"; sourceTree = "<group>"; };
		223483662A74253C007DC1E1 /* locatin red tap.json */ = {isa = PBXFileReference; fileEncoding = 4; lastKnownFileType = text.json; path = "locatin red tap.json"; sourceTree = "<group>"; };
		223483672A74253C007DC1E1 /* locatin red.json */ = {isa = PBXFileReference; fileEncoding = 4; lastKnownFileType = text.json; path = "locatin red.json"; sourceTree = "<group>"; };
		223483682A74253C007DC1E1 /* locatin green tap.json */ = {isa = PBXFileReference; fileEncoding = 4; lastKnownFileType = text.json; path = "locatin green tap.json"; sourceTree = "<group>"; };
		223483692A74253C007DC1E1 /* locatin grey.json */ = {isa = PBXFileReference; fileEncoding = 4; lastKnownFileType = text.json; path = "locatin grey.json"; sourceTree = "<group>"; };
		223DCD122AA6E36C00E1AF6C /* UnissoLogin.swift */ = {isa = PBXFileReference; lastKnownFileType = sourcecode.swift; path = UnissoLogin.swift; sourceTree = "<group>"; };
		223DCD142AA6F17000E1AF6C /* ValidateCookie.swift */ = {isa = PBXFileReference; lastKnownFileType = sourcecode.swift; path = ValidateCookie.swift; sourceTree = "<group>"; };
		2245356D2A72E056007F5708 /* BasicInfoController.swift */ = {isa = PBXFileReference; lastKnownFileType = sourcecode.swift; path = BasicInfoController.swift; sourceTree = "<group>"; };
		2260A4C72BD230C1003939DB /* AlarmStatisticsMapView.swift */ = {isa = PBXFileReference; lastKnownFileType = sourcecode.swift; path = AlarmStatisticsMapView.swift; sourceTree = "<group>"; };
		2260A4C92BD230E4003939DB /* StatisticsMapView.swift */ = {isa = PBXFileReference; lastKnownFileType = sourcecode.swift; path = StatisticsMapView.swift; sourceTree = "<group>"; };
		2260A4CB2BD2312A003939DB /* PlantMapInfoContentView.swift */ = {isa = PBXFileReference; lastKnownFileType = sourcecode.swift; path = PlantMapInfoContentView.swift; sourceTree = "<group>"; };
		2260A4CD2BD2363E003939DB /* StatusOverviewView.swift */ = {isa = PBXFileReference; lastKnownFileType = sourcecode.swift; path = StatusOverviewView.swift; sourceTree = "<group>"; };
		2260A4CF2BD23662003939DB /* ValueOverviewView.swift */ = {isa = PBXFileReference; lastKnownFileType = sourcecode.swift; path = ValueOverviewView.swift; sourceTree = "<group>"; };
		2260A4D12BD23688003939DB /* BigValueOverviewView.swift */ = {isa = PBXFileReference; lastKnownFileType = sourcecode.swift; path = BigValueOverviewView.swift; sourceTree = "<group>"; };
		2260A4D32BD236A2003939DB /* BigValueOverviewCellView.swift */ = {isa = PBXFileReference; lastKnownFileType = sourcecode.swift; path = BigValueOverviewCellView.swift; sourceTree = "<group>"; };
		2260A4D82BD24333003939DB /* OverviewAnimationView.swift */ = {isa = PBXFileReference; lastKnownFileType = sourcecode.swift; path = OverviewAnimationView.swift; sourceTree = "<group>"; };
		2260A4DB2BD26DCD003939DB /* BasicInfoSmallView.swift */ = {isa = PBXFileReference; lastKnownFileType = sourcecode.swift; path = BasicInfoSmallView.swift; sourceTree = "<group>"; };
		2260A4DD2BD26DE6003939DB /* BasicInfoLargeView.swift */ = {isa = PBXFileReference; lastKnownFileType = sourcecode.swift; path = BasicInfoLargeView.swift; sourceTree = "<group>"; };
		2260A4DF2BD26E00003939DB /* BasicInfoAddressView.swift */ = {isa = PBXFileReference; lastKnownFileType = sourcecode.swift; path = BasicInfoAddressView.swift; sourceTree = "<group>"; };
		2260A4E22BD27710003939DB /* AlarmDetailBasicView.swift */ = {isa = PBXFileReference; lastKnownFileType = sourcecode.swift; path = AlarmDetailBasicView.swift; sourceTree = "<group>"; };
		2260A4E42BD27740003939DB /* AlarmDetailTextView.swift */ = {isa = PBXFileReference; lastKnownFileType = sourcecode.swift; path = AlarmDetailTextView.swift; sourceTree = "<group>"; };
		2260A4E62BD2775C003939DB /* AlarmContactView.swift */ = {isa = PBXFileReference; lastKnownFileType = sourcecode.swift; path = AlarmContactView.swift; sourceTree = "<group>"; };
		229540C62BD0DEEE00BA0884 /* StatusNavigationView.swift */ = {isa = PBXFileReference; lastKnownFileType = sourcecode.swift; path = StatusNavigationView.swift; sourceTree = "<group>"; };
		229540C82BD0E1BB00BA0884 /* PlantsTopView.swift */ = {isa = PBXFileReference; lastKnownFileType = sourcecode.swift; path = PlantsTopView.swift; sourceTree = "<group>"; };
		229540CA2BD0E1D700BA0884 /* PlantsSearchView.swift */ = {isa = PBXFileReference; lastKnownFileType = sourcecode.swift; path = PlantsSearchView.swift; sourceTree = "<group>"; };
		229540CE2BD11F8500BA0884 /* TotalStatisticsView.swift */ = {isa = PBXFileReference; lastKnownFileType = sourcecode.swift; path = TotalStatisticsView.swift; sourceTree = "<group>"; };
		229540D02BD12E0F00BA0884 /* StatisticsPlantsView.swift */ = {isa = PBXFileReference; lastKnownFileType = sourcecode.swift; path = StatisticsPlantsView.swift; sourceTree = "<group>"; };
		229540D22BD12E2F00BA0884 /* EnvironmentalView.swift */ = {isa = PBXFileReference; lastKnownFileType = sourcecode.swift; path = EnvironmentalView.swift; sourceTree = "<group>"; };
		229540D42BD12E4A00BA0884 /* EnvironmentalCellView.swift */ = {isa = PBXFileReference; lastKnownFileType = sourcecode.swift; path = EnvironmentalCellView.swift; sourceTree = "<group>"; };
		22A1AA2F2A6A93D1002AA262 /* PlantsFilterView.swift */ = {isa = PBXFileReference; lastKnownFileType = sourcecode.swift; path = PlantsFilterView.swift; sourceTree = "<group>"; };
		22A1AA312A6BBADD002AA262 /* empty.json */ = {isa = PBXFileReference; fileEncoding = 4; lastKnownFileType = text.json; path = empty.json; sourceTree = "<group>"; };
		22A1AA332A6BD8C9002AA262 /* StatisticPlantCellView.swift */ = {isa = PBXFileReference; lastKnownFileType = sourcecode.swift; path = StatisticPlantCellView.swift; sourceTree = "<group>"; };
		22A1AA352A6C2687002AA262 /* GraphView.swift */ = {isa = PBXFileReference; lastKnownFileType = sourcecode.swift; path = GraphView.swift; sourceTree = "<group>"; };
		22A58A342A6914A400E29710 /* FusionSolar.app */ = {isa = PBXFileReference; explicitFileType = wrapper.application; includeInIndex = 0; path = FusionSolar.app; sourceTree = BUILT_PRODUCTS_DIR; };
		22A58A372A6914A400E29710 /* AppDelegate.swift */ = {isa = PBXFileReference; lastKnownFileType = sourcecode.swift; path = AppDelegate.swift; sourceTree = "<group>"; };
		22A58A3E2A6914A400E29710 /* Base */ = {isa = PBXFileReference; lastKnownFileType = file.storyboard; name = Base; path = Base.lproj/Main.storyboard; sourceTree = "<group>"; };
		22A58A402A6914A500E29710 /* Assets.xcassets */ = {isa = PBXFileReference; lastKnownFileType = folder.assetcatalog; path = Assets.xcassets; sourceTree = "<group>"; };
		22A58A432A6914A500E29710 /* Base */ = {isa = PBXFileReference; lastKnownFileType = file.storyboard; name = Base; path = Base.lproj/LaunchScreen.storyboard; sourceTree = "<group>"; };
		22A58A452A6914A500E29710 /* Info.plist */ = {isa = PBXFileReference; lastKnownFileType = text.plist.xml; path = Info.plist; sourceTree = "<group>"; };
		22A58A512A69154500E29710 /* Extensions.swift */ = {isa = PBXFileReference; lastKnownFileType = sourcecode.swift; path = Extensions.swift; sourceTree = "<group>"; };
		22A58A532A69155E00E29710 /* ApiService.swift */ = {isa = PBXFileReference; lastKnownFileType = sourcecode.swift; path = ApiService.swift; sourceTree = "<group>"; };
		22A58A552A69159500E29710 /* JSONParse.swift */ = {isa = PBXFileReference; lastKnownFileType = sourcecode.swift; path = JSONParse.swift; sourceTree = "<group>"; };
		22A58A572A6915BA00E29710 /* CustomError.swift */ = {isa = PBXFileReference; lastKnownFileType = sourcecode.swift; path = CustomError.swift; sourceTree = "<group>"; };
		22A58A592A6915CD00E29710 /* SimpleErrorView.swift */ = {isa = PBXFileReference; lastKnownFileType = sourcecode.swift; path = SimpleErrorView.swift; sourceTree = "<group>"; };
		22A58A5B2A6915E300E29710 /* LoadingView.swift */ = {isa = PBXFileReference; lastKnownFileType = sourcecode.swift; path = LoadingView.swift; sourceTree = "<group>"; };
		22A58A5D2A69160200E29710 /* SplashController.swift */ = {isa = PBXFileReference; lastKnownFileType = sourcecode.swift; path = SplashController.swift; sourceTree = "<group>"; };
		22A58A5F2A69162D00E29710 /* solar_uzb.json */ = {isa = PBXFileReference; fileEncoding = 4; lastKnownFileType = text.json; path = solar_uzb.json; sourceTree = "<group>"; };
		22A58A612A69164800E29710 /* Podfile */ = {isa = PBXFileReference; lastKnownFileType = text; path = Podfile; sourceTree = "<group>"; xcLanguageSpecificationIdentifier = xcode.lang.ruby; };
		22A58A662A6916C700E29710 /* en */ = {isa = PBXFileReference; lastKnownFileType = text.plist.strings; name = en; path = en.lproj/Localizable.strings; sourceTree = "<group>"; };
		22A58A682A6916FC00E29710 /* ru-RU */ = {isa = PBXFileReference; lastKnownFileType = text.plist.strings; name = "ru-RU"; path = "ru-RU.lproj/Main.strings"; sourceTree = "<group>"; };
		22A58A692A6916FC00E29710 /* ru-RU */ = {isa = PBXFileReference; lastKnownFileType = text.plist.strings; name = "ru-RU"; path = "ru-RU.lproj/LaunchScreen.strings"; sourceTree = "<group>"; };
		22A58A6A2A6916FC00E29710 /* ru-RU */ = {isa = PBXFileReference; lastKnownFileType = text.plist.strings; name = "ru-RU"; path = "ru-RU.lproj/Localizable.strings"; sourceTree = "<group>"; };
		22A58A6B2A69171D00E29710 /* uz-UZ */ = {isa = PBXFileReference; lastKnownFileType = text.plist.strings; name = "uz-UZ"; path = "uz-UZ.lproj/Main.strings"; sourceTree = "<group>"; };
		22A58A6C2A69171D00E29710 /* uz-UZ */ = {isa = PBXFileReference; lastKnownFileType = text.plist.strings; name = "uz-UZ"; path = "uz-UZ.lproj/LaunchScreen.strings"; sourceTree = "<group>"; };
		22A58A6D2A69171D00E29710 /* uz-UZ */ = {isa = PBXFileReference; lastKnownFileType = text.plist.strings; name = "uz-UZ"; path = "uz-UZ.lproj/Localizable.strings"; sourceTree = "<group>"; };
		22A58A6E2A69173E00E29710 /* uz-Cyrl */ = {isa = PBXFileReference; lastKnownFileType = text.plist.strings; name = "uz-Cyrl"; path = "uz-Cyrl.lproj/Main.strings"; sourceTree = "<group>"; };
		22A58A6F2A69173E00E29710 /* uz-Cyrl */ = {isa = PBXFileReference; lastKnownFileType = text.plist.strings; name = "uz-Cyrl"; path = "uz-Cyrl.lproj/LaunchScreen.strings"; sourceTree = "<group>"; };
		22A58A702A69173E00E29710 /* uz-Cyrl */ = {isa = PBXFileReference; lastKnownFileType = text.plist.strings; name = "uz-Cyrl"; path = "uz-Cyrl.lproj/Localizable.strings"; sourceTree = "<group>"; };
		22A58A712A6918A100E29710 /* HomeController.swift */ = {isa = PBXFileReference; lastKnownFileType = sourcecode.swift; path = HomeController.swift; sourceTree = "<group>"; };
		22A58A732A691AAC00E29710 /* SignInController.swift */ = {isa = PBXFileReference; lastKnownFileType = sourcecode.swift; path = SignInController.swift; sourceTree = "<group>"; };
		22A58A752A6A2CE200E29710 /* LanguageController.swift */ = {isa = PBXFileReference; lastKnownFileType = sourcecode.swift; path = LanguageController.swift; sourceTree = "<group>"; };
		22A58A772A6A353000E29710 /* Profile.swift */ = {isa = PBXFileReference; lastKnownFileType = sourcecode.swift; path = Profile.swift; sourceTree = "<group>"; };
		22A58A792A6A3B5A00E29710 /* loader.json */ = {isa = PBXFileReference; fileEncoding = 4; lastKnownFileType = text.json; path = loader.json; sourceTree = "<group>"; };
		22A58A7B2A6A3C6800E29710 /* MenuBar.swift */ = {isa = PBXFileReference; lastKnownFileType = sourcecode.swift; path = MenuBar.swift; sourceTree = "<group>"; };
		22A58A7D2A6A4A5D00E29710 /* HomeView.swift */ = {isa = PBXFileReference; lastKnownFileType = sourcecode.swift; path = HomeView.swift; sourceTree = "<group>"; };
		22A58A822A6A516100E29710 /* PlantsView.swift */ = {isa = PBXFileReference; lastKnownFileType = sourcecode.swift; path = PlantsView.swift; sourceTree = "<group>"; };
		22A58A842A6A52A200E29710 /* StatisticPlantView.swift */ = {isa = PBXFileReference; lastKnownFileType = sourcecode.swift; path = StatisticPlantView.swift; sourceTree = "<group>"; };
		22A58A862A6A6B3F00E29710 /* PlantCellView.swift */ = {isa = PBXFileReference; lastKnownFileType = sourcecode.swift; path = PlantCellView.swift; sourceTree = "<group>"; };
		22A58A882A6A6BB600E29710 /* Station.swift */ = {isa = PBXFileReference; lastKnownFileType = sourcecode.swift; path = Station.swift; sourceTree = "<group>"; };
		22A58A8A2A6A6D9000E29710 /* EmptyDataView.swift */ = {isa = PBXFileReference; lastKnownFileType = sourcecode.swift; path = EmptyDataView.swift; sourceTree = "<group>"; };
		22B3C9DC2A6F792100548753 /* MaintenanceView.swift */ = {isa = PBXFileReference; lastKnownFileType = sourcecode.swift; path = MaintenanceView.swift; sourceTree = "<group>"; };
		22B3C9DF2A6F79D000548753 /* MaintenanceNavigationView.swift */ = {isa = PBXFileReference; lastKnownFileType = sourcecode.swift; path = MaintenanceNavigationView.swift; sourceTree = "<group>"; };
		22B3C9E12A6F7AFC00548753 /* AlarmsCellView.swift */ = {isa = PBXFileReference; lastKnownFileType = sourcecode.swift; path = AlarmsCellView.swift; sourceTree = "<group>"; };
		22B3C9E32A6F7B5700548753 /* TasksCellView.swift */ = {isa = PBXFileReference; lastKnownFileType = sourcecode.swift; path = TasksCellView.swift; sourceTree = "<group>"; };
		22B3C9E52A6F7CE700548753 /* DevicesView.swift */ = {isa = PBXFileReference; lastKnownFileType = sourcecode.swift; path = DevicesView.swift; sourceTree = "<group>"; };
		22B3C9E82A6F7D4200548753 /* ProfileView.swift */ = {isa = PBXFileReference; lastKnownFileType = sourcecode.swift; path = ProfileView.swift; sourceTree = "<group>"; };
		22B3C9EA2A6F81A300548753 /* AlarmsStatisticView.swift */ = {isa = PBXFileReference; lastKnownFileType = sourcecode.swift; path = AlarmsStatisticView.swift; sourceTree = "<group>"; };
		22B3C9EE2A6FA65F00548753 /* ELKI 2.json */ = {isa = PBXFileReference; fileEncoding = 4; lastKnownFileType = text.json; path = "ELKI 2.json"; sourceTree = "<group>"; };
		22B3C9F02A6FACA600548753 /* Alarm.swift */ = {isa = PBXFileReference; lastKnownFileType = sourcecode.swift; path = Alarm.swift; sourceTree = "<group>"; };
		22B3C9F42A6FAEE400548753 /* zavod.json */ = {isa = PBXFileReference; fileEncoding = 4; lastKnownFileType = text.json; path = zavod.json; sourceTree = "<group>"; };
		22B3C9F62A6FB01C00548753 /* AlarmCellView.swift */ = {isa = PBXFileReference; lastKnownFileType = sourcecode.swift; path = AlarmCellView.swift; sourceTree = "<group>"; };
		22B3C9FA2A6FB24800548753 /* stroyka.json */ = {isa = PBXFileReference; fileEncoding = 4; lastKnownFileType = text.json; path = stroyka.json; sourceTree = "<group>"; };
		22B3CA042A6FCD3900548753 /* alarm pink.json */ = {isa = PBXFileReference; fileEncoding = 4; lastKnownFileType = text.json; path = "alarm pink.json"; sourceTree = "<group>"; };
		22B3CA0C2A6FD00600548753 /* alarm yellow.json */ = {isa = PBXFileReference; fileEncoding = 4; lastKnownFileType = text.json; path = "alarm yellow.json"; sourceTree = "<group>"; };
		22B3CA0D2A6FD00700548753 /* alarm warning.json */ = {isa = PBXFileReference; fileEncoding = 4; lastKnownFileType = text.json; path = "alarm warning.json"; sourceTree = "<group>"; };
		22B3CA102A6FD04B00548753 /* alarm orange.json */ = {isa = PBXFileReference; fileEncoding = 4; lastKnownFileType = text.json; path = "alarm orange.json"; sourceTree = "<group>"; };
		22C0E2DD2A73C70C000FFAAB /* MapView.swift */ = {isa = PBXFileReference; lastKnownFileType = sourcecode.swift; path = MapView.swift; sourceTree = "<group>"; };
		22C0E2DF2A73CCF3000FFAAB /* style.json */ = {isa = PBXFileReference; fileEncoding = 4; lastKnownFileType = text.json; path = style.json; sourceTree = "<group>"; };
		22C0E2E12A73E3C0000FFAAB /* PlantMapInfoView.swift */ = {isa = PBXFileReference; lastKnownFileType = sourcecode.swift; path = PlantMapInfoView.swift; sourceTree = "<group>"; };
		22C53B7D2A6E62850014D195 /* icon stroyka.json */ = {isa = PBXFileReference; fileEncoding = 4; lastKnownFileType = text.json; path = "icon stroyka.json"; sourceTree = "<group>"; };
		22C53B822A6E8AAD0014D195 /* BalloonMarker.swift */ = {isa = PBXFileReference; lastKnownFileType = sourcecode.swift; path = BalloonMarker.swift; sourceTree = "<group>"; };
		22C53B842A6E8F0B0014D195 /* XYMarkerView.swift */ = {isa = PBXFileReference; lastKnownFileType = sourcecode.swift; path = XYMarkerView.swift; sourceTree = "<group>"; };
		22C53B862A6E96050014D195 /* DatePickerView.swift */ = {isa = PBXFileReference; lastKnownFileType = sourcecode.swift; path = DatePickerView.swift; sourceTree = "<group>"; };
		22C53B882A6EA7C90014D195 /* MonthPickerView.swift */ = {isa = PBXFileReference; lastKnownFileType = sourcecode.swift; path = MonthPickerView.swift; sourceTree = "<group>"; };
		22C53B8A2A6EA8EB0014D195 /* MonthYearWheelPicker.swift */ = {isa = PBXFileReference; lastKnownFileType = sourcecode.swift; path = MonthYearWheelPicker.swift; sourceTree = "<group>"; };
		22C53B8C2A6EAB410014D195 /* YearWheelPicker.swift */ = {isa = PBXFileReference; lastKnownFileType = sourcecode.swift; path = YearWheelPicker.swift; sourceTree = "<group>"; };
		22C53B8E2A6EAC5D0014D195 /* YearPickerView.swift */ = {isa = PBXFileReference; lastKnownFileType = sourcecode.swift; path = YearPickerView.swift; sourceTree = "<group>"; };
		22CE080A2A6FE79900E03A1B /* DeviceTypeSearchView.swift */ = {isa = PBXFileReference; lastKnownFileType = sourcecode.swift; path = DeviceTypeSearchView.swift; sourceTree = "<group>"; };
		22CE080C2A6FF73300E03A1B /* Device.swift */ = {isa = PBXFileReference; lastKnownFileType = sourcecode.swift; path = Device.swift; sourceTree = "<group>"; };
		22ED5C842A70C6A3007C8AB1 /* DeviceCellView.swift */ = {isa = PBXFileReference; lastKnownFileType = sourcecode.swift; path = DeviceCellView.swift; sourceTree = "<group>"; };
		22ED5C862A70CA2C007C8AB1 /* DeviceInverterCellView.swift */ = {isa = PBXFileReference; lastKnownFileType = sourcecode.swift; path = DeviceInverterCellView.swift; sourceTree = "<group>"; };
		22ED5C882A70D7AC007C8AB1 /* DeviceFilterView.swift */ = {isa = PBXFileReference; lastKnownFileType = sourcecode.swift; path = DeviceFilterView.swift; sourceTree = "<group>"; };
		22ED5C8B2A70ED5E007C8AB1 /* SettingsController.swift */ = {isa = PBXFileReference; lastKnownFileType = sourcecode.swift; path = SettingsController.swift; sourceTree = "<group>"; };
		22ED5C8D2A70F4C9007C8AB1 /* ChangeLanguageController.swift */ = {isa = PBXFileReference; lastKnownFileType = sourcecode.swift; path = ChangeLanguageController.swift; sourceTree = "<group>"; };
		22ED5C8F2A70F96D007C8AB1 /* LogoutQuestionView.swift */ = {isa = PBXFileReference; lastKnownFileType = sourcecode.swift; path = LogoutQuestionView.swift; sourceTree = "<group>"; };
		22ED5C912A712BB6007C8AB1 /* TasksNavigationView.swift */ = {isa = PBXFileReference; lastKnownFileType = sourcecode.swift; path = TasksNavigationView.swift; sourceTree = "<group>"; };
		22ED5C932A7136B6007C8AB1 /* InspectionTasksCellView.swift */ = {isa = PBXFileReference; lastKnownFileType = sourcecode.swift; path = InspectionTasksCellView.swift; sourceTree = "<group>"; };
		22ED5C952A7136FB007C8AB1 /* EliminationTasksCellView.swift */ = {isa = PBXFileReference; lastKnownFileType = sourcecode.swift; path = EliminationTasksCellView.swift; sourceTree = "<group>"; };
		22ED5C972A713DF7007C8AB1 /* AlarmDetailController.swift */ = {isa = PBXFileReference; lastKnownFileType = sourcecode.swift; path = AlarmDetailController.swift; sourceTree = "<group>"; };
		22F2D2C12A77695C003DA894 /* cloud snow.json */ = {isa = PBXFileReference; fileEncoding = 4; lastKnownFileType = text.json; path = "cloud snow.json"; sourceTree = "<group>"; };
		22F2D2C22A77695C003DA894 /* cloud rain storm.json */ = {isa = PBXFileReference; fileEncoding = 4; lastKnownFileType = text.json; path = "cloud rain storm.json"; sourceTree = "<group>"; };
		22F2D2C32A77695C003DA894 /* LUNA.json */ = {isa = PBXFileReference; fileEncoding = 4; lastKnownFileType = text.json; path = LUNA.json; sourceTree = "<group>"; };
		22F2D2C42A77695C003DA894 /* LUNA I CLOUD.json */ = {isa = PBXFileReference; fileEncoding = 4; lastKnownFileType = text.json; path = "LUNA I CLOUD.json"; sourceTree = "<group>"; };
		22F2D2C52A77695C003DA894 /* sun.json */ = {isa = PBXFileReference; fileEncoding = 4; lastKnownFileType = text.json; path = sun.json; sourceTree = "<group>"; };
		22F2D2C62A77695C003DA894 /* veter.json */ = {isa = PBXFileReference; fileEncoding = 4; lastKnownFileType = text.json; path = veter.json; sourceTree = "<group>"; };
		22F2D2C72A77695C003DA894 /* cloud rain.json */ = {isa = PBXFileReference; fileEncoding = 4; lastKnownFileType = text.json; path = "cloud rain.json"; sourceTree = "<group>"; };
		22F2D2C82A77695D003DA894 /* sun cloud rain.json */ = {isa = PBXFileReference; fileEncoding = 4; lastKnownFileType = text.json; path = "sun cloud rain.json"; sourceTree = "<group>"; };
		22F2D2C92A77695D003DA894 /* sun cloud rain snow.json */ = {isa = PBXFileReference; fileEncoding = 4; lastKnownFileType = text.json; path = "sun cloud rain snow.json"; sourceTree = "<group>"; };
		22F2D2CA2A77695D003DA894 /* cloud storm.json */ = {isa = PBXFileReference; fileEncoding = 4; lastKnownFileType = text.json; path = "cloud storm.json"; sourceTree = "<group>"; };
		22F2D2CB2A77695D003DA894 /* cloud grad.json */ = {isa = PBXFileReference; fileEncoding = 4; lastKnownFileType = text.json; path = "cloud grad.json"; sourceTree = "<group>"; };
		24BB506999E0EC252C894123 /* libPods-FusionSolar.a */ = {isa = PBXFileReference; explicitFileType = archive.ar; includeInIndex = 0; path = "libPods-FusionSolar.a"; sourceTree = BUILT_PRODUCTS_DIR; };
		97DAEB275D4574077463EF0B /* Pods-FusionSolar.release.xcconfig */ = {isa = PBXFileReference; includeInIndex = 1; lastKnownFileType = text.xcconfig; name = "Pods-FusionSolar.release.xcconfig"; path = "Target Support Files/Pods-FusionSolar/Pods-FusionSolar.release.xcconfig"; sourceTree = "<group>"; };
		BD7011CF20E7132978DA55FB /* Pods-FusionSolar.debug.xcconfig */ = {isa = PBXFileReference; includeInIndex = 1; lastKnownFileType = text.xcconfig; name = "Pods-FusionSolar.debug.xcconfig"; path = "Target Support Files/Pods-FusionSolar/Pods-FusionSolar.debug.xcconfig"; sourceTree = "<group>"; };
/* End PBXFileReference section */

/* Begin PBXFrameworksBuildPhase section */
		22A58A312A6914A400E29710 /* Frameworks */ = {
			isa = PBXFrameworksBuildPhase;
			buildActionMask = 2147483647;
			files = (
				DD7F8F6BB25DE47E5D13D85F /* libPods-FusionSolar.a in Frameworks */,
			);
			runOnlyForDeploymentPostprocessing = 0;
		};
/* End PBXFrameworksBuildPhase section */

/* Begin PBXGroup section */
		070AB823B67BA15573341713 /* Pods */ = {
			isa = PBXGroup;
			children = (
				BD7011CF20E7132978DA55FB /* Pods-FusionSolar.debug.xcconfig */,
				97DAEB275D4574077463EF0B /* Pods-FusionSolar.release.xcconfig */,
			);
			path = Pods;
			sourceTree = "<group>";
		};
		222D33E42A722A7A00004453 /* OverviewControllerViews */ = {
			isa = PBXGroup;
			children = (
				2260A4D52BD23700003939DB /* OverviewViews */,
				2260A4D62BD2374B003939DB /* StationStatisticsViews */,
				2260A4D72BD2377C003939DB /* StationDevicesViews */,
				222D33E22A72236F00004453 /* OverviewMenuBar.swift */,
			);
			path = OverviewControllerViews;
			sourceTree = "<group>";
		};
		223DCD112AA6E33600E1AF6C /* web */ = {
			isa = PBXGroup;
			children = (
				223DCD122AA6E36C00E1AF6C /* UnissoLogin.swift */,
				223DCD142AA6F17000E1AF6C /* ValidateCookie.swift */,
			);
			path = web;
			sourceTree = "<group>";
		};
		2260A4C62BD227DD003939DB /* MapViews */ = {
			isa = PBXGroup;
			children = (
				22C0E2DD2A73C70C000FFAAB /* MapView.swift */,
				2260A4C72BD230C1003939DB /* AlarmStatisticsMapView.swift */,
				2260A4C92BD230E4003939DB /* StatisticsMapView.swift */,
				22C0E2E12A73E3C0000FFAAB /* PlantMapInfoView.swift */,
				2260A4CB2BD2312A003939DB /* PlantMapInfoContentView.swift */,
			);
			path = MapViews;
			sourceTree = "<group>";
		};
		2260A4D52BD23700003939DB /* OverviewViews */ = {
			isa = PBXGroup;
			children = (
				222D33E52A722A9400004453 /* OverviewView.swift */,
				2260A4CD2BD2363E003939DB /* StatusOverviewView.swift */,
				2260A4CF2BD23662003939DB /* ValueOverviewView.swift */,
				2260A4D12BD23688003939DB /* BigValueOverviewView.swift */,
				2260A4D32BD236A2003939DB /* BigValueOverviewCellView.swift */,
				2260A4D82BD24333003939DB /* OverviewAnimationView.swift */,
				222D33EF2A72361F00004453 /* WeatherView.swift */,
			);
			path = OverviewViews;
			sourceTree = "<group>";
		};
		2260A4D62BD2374B003939DB /* StationStatisticsViews */ = {
			isa = PBXGroup;
			children = (
				222D33E72A722BB300004453 /* StationStatisticsView.swift */,
				222D33F92A72912200004453 /* StationChartsView.swift */,
			);
			path = StationStatisticsViews;
			sourceTree = "<group>";
		};
		2260A4D72BD2377C003939DB /* StationDevicesViews */ = {
			isa = PBXGroup;
			children = (
				222D33EB2A722C0000004453 /* StationDevicesView.swift */,
			);
			path = StationDevicesViews;
			sourceTree = "<group>";
		};
		2260A4DA2BD26DB5003939DB /* BasicInfoViews */ = {
			isa = PBXGroup;
			children = (
				2260A4DB2BD26DCD003939DB /* BasicInfoSmallView.swift */,
				2260A4DD2BD26DE6003939DB /* BasicInfoLargeView.swift */,
				2260A4DF2BD26E00003939DB /* BasicInfoAddressView.swift */,
			);
			path = BasicInfoViews;
			sourceTree = "<group>";
		};
		2260A4E12BD276FA003939DB /* AlarmDetailViews */ = {
			isa = PBXGroup;
			children = (
				2260A4E22BD27710003939DB /* AlarmDetailBasicView.swift */,
				2260A4E42BD27740003939DB /* AlarmDetailTextView.swift */,
				2260A4E62BD2775C003939DB /* AlarmContactView.swift */,
			);
			path = AlarmDetailViews;
			sourceTree = "<group>";
		};
		229540C52BD0DEAE00BA0884 /* PlantsViews */ = {
			isa = PBXGroup;
			children = (
				22A58A822A6A516100E29710 /* PlantsView.swift */,
				229540C62BD0DEEE00BA0884 /* StatusNavigationView.swift */,
				229540C82BD0E1BB00BA0884 /* PlantsTopView.swift */,
				229540CA2BD0E1D700BA0884 /* PlantsSearchView.swift */,
				22A58A862A6A6B3F00E29710 /* PlantCellView.swift */,
			);
			path = PlantsViews;
			sourceTree = "<group>";
		};
		229540CD2BD0F32300BA0884 /* StatisticPlantViews */ = {
			isa = PBXGroup;
			children = (
				22A58A842A6A52A200E29710 /* StatisticPlantView.swift */,
				22A1AA332A6BD8C9002AA262 /* StatisticPlantCellView.swift */,
				229540CE2BD11F8500BA0884 /* TotalStatisticsView.swift */,
				229540D02BD12E0F00BA0884 /* StatisticsPlantsView.swift */,
				229540D22BD12E2F00BA0884 /* EnvironmentalView.swift */,
				229540D42BD12E4A00BA0884 /* EnvironmentalCellView.swift */,
				22A1AA352A6C2687002AA262 /* GraphView.swift */,
			);
			path = StatisticPlantViews;
			sourceTree = "<group>";
		};
		22A58A2B2A6914A400E29710 = {
			isa = PBXGroup;
			children = (
				22A58A612A69164800E29710 /* Podfile */,
				22A58A362A6914A400E29710 /* FusionSolar */,
				22A58A352A6914A400E29710 /* Products */,
				070AB823B67BA15573341713 /* Pods */,
				D0D73EAA87049D16FCBB5EDD /* Frameworks */,
			);
			sourceTree = "<group>";
		};
		22A58A352A6914A400E29710 /* Products */ = {
			isa = PBXGroup;
			children = (
				22A58A342A6914A400E29710 /* FusionSolar.app */,
			);
			name = Products;
			sourceTree = "<group>";
		};
		22A58A362A6914A400E29710 /* FusionSolar */ = {
			isa = PBXGroup;
			children = (
				22C0E2DF2A73CCF3000FFAAB /* style.json */,
				22A58A502A69152600E29710 /* JSON */,
				22A58A4F2A69151B00E29710 /* Controller */,
				22A58A4E2A69151100E29710 /* View */,
				22A58A4D2A69150600E29710 /* Model */,
				22A58A4C2A6914FA00E29710 /* ApiService */,
				22A58A4B2A6914EC00E29710 /* Helpers */,
				22A58A372A6914A400E29710 /* AppDelegate.swift */,
				22A58A3D2A6914A400E29710 /* Main.storyboard */,
				22A58A402A6914A500E29710 /* Assets.xcassets */,
				22A58A422A6914A500E29710 /* LaunchScreen.storyboard */,
				22A58A452A6914A500E29710 /* Info.plist */,
				22A58A672A6916C700E29710 /* Localizable.strings */,
			);
			path = FusionSolar;
			sourceTree = "<group>";
		};
		22A58A4B2A6914EC00E29710 /* Helpers */ = {
			isa = PBXGroup;
			children = (
				22A58A512A69154500E29710 /* Extensions.swift */,
			);
			path = Helpers;
			sourceTree = "<group>";
		};
		22A58A4C2A6914FA00E29710 /* ApiService */ = {
			isa = PBXGroup;
			children = (
				22A58A532A69155E00E29710 /* ApiService.swift */,
				22A58A552A69159500E29710 /* JSONParse.swift */,
			);
			path = ApiService;
			sourceTree = "<group>";
		};
		22A58A4D2A69150600E29710 /* Model */ = {
			isa = PBXGroup;
			children = (
				223DCD112AA6E33600E1AF6C /* web */,
				22A58A572A6915BA00E29710 /* CustomError.swift */,
				22A58A772A6A353000E29710 /* Profile.swift */,
				22A58A882A6A6BB600E29710 /* Station.swift */,
				22B3C9F02A6FACA600548753 /* Alarm.swift */,
				22CE080C2A6FF73300E03A1B /* Device.swift */,
				222D33ED2A72313B00004453 /* StationRealKpi.swift */,
				222D33F12A72365900004453 /* Weather.swift */,
			);
			path = Model;
			sourceTree = "<group>";
		};
		22A58A4E2A69151100E29710 /* View */ = {
			isa = PBXGroup;
			children = (
				2260A4E12BD276FA003939DB /* AlarmDetailViews */,
				2260A4DA2BD26DB5003939DB /* BasicInfoViews */,
				22A58A7F2A6A4B6B00E29710 /* HomeViews */,
				22B3C9DE2A6F79C300548753 /* MaintenanceViews */,
				229540CD2BD0F32300BA0884 /* StatisticPlantViews */,
				222D33E42A722A7A00004453 /* OverviewControllerViews */,
				22B3C9E72A6F7D2E00548753 /* DevicesViews */,
				22ED5C8A2A70DDDE007C8AB1 /* ProfileViews */,
				22A58A592A6915CD00E29710 /* SimpleErrorView.swift */,
				22A58A5B2A6915E300E29710 /* LoadingView.swift */,
				22A58A7B2A6A3C6800E29710 /* MenuBar.swift */,
				22C53B862A6E96050014D195 /* DatePickerView.swift */,
				22C53B882A6EA7C90014D195 /* MonthPickerView.swift */,
				22C53B8E2A6EAC5D0014D195 /* YearPickerView.swift */,
				22A58A8A2A6A6D9000E29710 /* EmptyDataView.swift */,
				22A1AA2F2A6A93D1002AA262 /* PlantsFilterView.swift */,
				22C53B8A2A6EA8EB0014D195 /* MonthYearWheelPicker.swift */,
				22C53B8C2A6EAB410014D195 /* YearWheelPicker.swift */,
				22ED5C8F2A70F96D007C8AB1 /* LogoutQuestionView.swift */,
			);
			path = View;
			sourceTree = "<group>";
		};
		22A58A4F2A69151B00E29710 /* Controller */ = {
			isa = PBXGroup;
			children = (
				22A58A5D2A69160200E29710 /* SplashController.swift */,
				22A58A712A6918A100E29710 /* HomeController.swift */,
				22A58A732A691AAC00E29710 /* SignInController.swift */,
				22A58A752A6A2CE200E29710 /* LanguageController.swift */,
				22ED5C8B2A70ED5E007C8AB1 /* SettingsController.swift */,
				22ED5C8D2A70F4C9007C8AB1 /* ChangeLanguageController.swift */,
				22ED5C972A713DF7007C8AB1 /* AlarmDetailController.swift */,
				222D33E02A7222F700004453 /* OverviewController.swift */,
				2245356D2A72E056007F5708 /* BasicInfoController.swift */,
			);
			path = Controller;
			sourceTree = "<group>";
		};
		22A58A502A69152600E29710 /* JSON */ = {
			isa = PBXGroup;
			children = (
				22B3CA0D2A6FD00700548753 /* alarm warning.json */,
				22B3CA0C2A6FD00600548753 /* alarm yellow.json */,
				22B3C9FA2A6FB24800548753 /* stroyka.json */,
				222D33F32A7253E000004453 /* 3 shara off.json */,
				222D33F42A7253E000004453 /* 3 shara.json */,
				22B3C9F42A6FAEE400548753 /* zavod.json */,
				22B3CA102A6FD04B00548753 /* alarm orange.json */,
				22B3CA042A6FCD3900548753 /* alarm pink.json */,
				222D33F72A72775400004453 /* 3 shara faulty.json */,
				223483682A74253C007DC1E1 /* locatin green tap.json */,
				22F2D2CB2A77695D003DA894 /* cloud grad.json */,
				22F2D2C22A77695C003DA894 /* cloud rain storm.json */,
				22F2D2C72A77695C003DA894 /* cloud rain.json */,
				22F2D2C12A77695C003DA894 /* cloud snow.json */,
				22F2D2CA2A77695D003DA894 /* cloud storm.json */,
				22F2D2C42A77695C003DA894 /* LUNA I CLOUD.json */,
				22F2D2C32A77695C003DA894 /* LUNA.json */,
				22F2D2C92A77695D003DA894 /* sun cloud rain snow.json */,
				22F2D2C82A77695D003DA894 /* sun cloud rain.json */,
				22F2D2C52A77695C003DA894 /* sun.json */,
				22F2D2C62A77695C003DA894 /* veter.json */,
				223483642A74253B007DC1E1 /* locatin green.json */,
				223483652A74253B007DC1E1 /* locatin grey tap.json */,
				223483692A74253C007DC1E1 /* locatin grey.json */,
				223483662A74253C007DC1E1 /* locatin red tap.json */,
				223483672A74253C007DC1E1 /* locatin red.json */,
				22A58A792A6A3B5A00E29710 /* loader.json */,
				22B3C9EE2A6FA65F00548753 /* ELKI 2.json */,
				220EA68D2A739F3900BFBDE5 /* 3 shara default.json */,
				220EA6932A73BF8400BFBDE5 /* cloud_sun.json */,
				22C53B7D2A6E62850014D195 /* icon stroyka.json */,
				22A1AA312A6BBADD002AA262 /* empty.json */,
				22A58A5F2A69162D00E29710 /* solar_uzb.json */,
			);
			path = JSON;
			sourceTree = "<group>";
		};
		22A58A7F2A6A4B6B00E29710 /* HomeViews */ = {
			isa = PBXGroup;
			children = (
				229540C52BD0DEAE00BA0884 /* PlantsViews */,
				2260A4C62BD227DD003939DB /* MapViews */,
				22C53B812A6E8A860014D195 /* ChartComponents */,
				22A58A7D2A6A4A5D00E29710 /* HomeView.swift */,
			);
			path = HomeViews;
			sourceTree = "<group>";
		};
		22B3C9DE2A6F79C300548753 /* MaintenanceViews */ = {
			isa = PBXGroup;
			children = (
				22B3C9DC2A6F792100548753 /* MaintenanceView.swift */,
				22B3C9DF2A6F79D000548753 /* MaintenanceNavigationView.swift */,
				22B3C9E12A6F7AFC00548753 /* AlarmsCellView.swift */,
				22B3C9E32A6F7B5700548753 /* TasksCellView.swift */,
				22B3C9EA2A6F81A300548753 /* AlarmsStatisticView.swift */,
				22B3C9F62A6FB01C00548753 /* AlarmCellView.swift */,
				22ED5C912A712BB6007C8AB1 /* TasksNavigationView.swift */,
				22ED5C932A7136B6007C8AB1 /* InspectionTasksCellView.swift */,
				22ED5C952A7136FB007C8AB1 /* EliminationTasksCellView.swift */,
			);
			path = MaintenanceViews;
			sourceTree = "<group>";
		};
		22B3C9E72A6F7D2E00548753 /* DevicesViews */ = {
			isa = PBXGroup;
			children = (
				22B3C9E52A6F7CE700548753 /* DevicesView.swift */,
				22CE080A2A6FE79900E03A1B /* DeviceTypeSearchView.swift */,
				22ED5C842A70C6A3007C8AB1 /* DeviceCellView.swift */,
				22ED5C862A70CA2C007C8AB1 /* DeviceInverterCellView.swift */,
				22ED5C882A70D7AC007C8AB1 /* DeviceFilterView.swift */,
			);
			path = DevicesViews;
			sourceTree = "<group>";
		};
		22C53B812A6E8A860014D195 /* ChartComponents */ = {
			isa = PBXGroup;
			children = (
				22C53B822A6E8AAD0014D195 /* BalloonMarker.swift */,
				22C53B842A6E8F0B0014D195 /* XYMarkerView.swift */,
			);
			path = ChartComponents;
			sourceTree = "<group>";
		};
		22ED5C8A2A70DDDE007C8AB1 /* ProfileViews */ = {
			isa = PBXGroup;
			children = (
				22B3C9E82A6F7D4200548753 /* ProfileView.swift */,
			);
			path = ProfileViews;
			sourceTree = "<group>";
		};
		D0D73EAA87049D16FCBB5EDD /* Frameworks */ = {
			isa = PBXGroup;
			children = (
				24BB506999E0EC252C894123 /* libPods-FusionSolar.a */,
			);
			name = Frameworks;
			sourceTree = "<group>";
		};
/* End PBXGroup section */

/* Begin PBXNativeTarget section */
		22A58A332A6914A400E29710 /* FusionSolar */ = {
			isa = PBXNativeTarget;
			buildConfigurationList = 22A58A482A6914A500E29710 /* Build configuration list for PBXNativeTarget "FusionSolar" */;
			buildPhases = (
				399E2F67FB6E43677F553DD5 /* [CP] Check Pods Manifest.lock */,
				22A58A302A6914A400E29710 /* Sources */,
				22A58A312A6914A400E29710 /* Frameworks */,
				22A58A322A6914A400E29710 /* Resources */,
				AFE2F7643AB66E1CC35EAB4B /* [CP] Copy Pods Resources */,
			);
			buildRules = (
			);
			dependencies = (
			);
			name = FusionSolar;
			productName = FusionSolar;
			productReference = 22A58A342A6914A400E29710 /* FusionSolar.app */;
			productType = "com.apple.product-type.application";
		};
/* End PBXNativeTarget section */

/* Begin PBXProject section */
		22A58A2C2A6914A400E29710 /* Project object */ = {
			isa = PBXProject;
			attributes = {
				BuildIndependentTargetsInParallel = 1;
				LastSwiftUpdateCheck = 1430;
				LastUpgradeCheck = 1430;
				TargetAttributes = {
					22A58A332A6914A400E29710 = {
						CreatedOnToolsVersion = 14.3;
					};
				};
			};
			buildConfigurationList = 22A58A2F2A6914A400E29710 /* Build configuration list for PBXProject "FusionSolar" */;
			compatibilityVersion = "Xcode 14.0";
			developmentRegion = en;
			hasScannedForEncodings = 0;
			knownRegions = (
				en,
				Base,
				"ru-RU",
				"uz-UZ",
				"uz-Cyrl",
			);
			mainGroup = 22A58A2B2A6914A400E29710;
			productRefGroup = 22A58A352A6914A400E29710 /* Products */;
			projectDirPath = "";
			projectRoot = "";
			targets = (
				22A58A332A6914A400E29710 /* FusionSolar */,
			);
		};
/* End PBXProject section */

/* Begin PBXResourcesBuildPhase section */
		22A58A322A6914A400E29710 /* Resources */ = {
			isa = PBXResourcesBuildPhase;
			buildActionMask = 2147483647;
			files = (
				22A58A7A2A6A3B5A00E29710 /* loader.json in Resources */,
				22F2D2CD2A77695D003DA894 /* cloud rain storm.json in Resources */,
				22A1AA322A6BBADD002AA262 /* empty.json in Resources */,
				2234836F2A74253C007DC1E1 /* locatin grey.json in Resources */,
				22B3CA112A6FD04B00548753 /* alarm orange.json in Resources */,
				22A58A622A69164800E29710 /* Podfile in Resources */,
				22C53B7E2A6E62850014D195 /* icon stroyka.json in Resources */,
				22B3CA0E2A6FD00700548753 /* alarm yellow.json in Resources */,
				22A58A652A6916C700E29710 /* Localizable.strings in Resources */,
				22F2D2D42A77695D003DA894 /* sun cloud rain snow.json in Resources */,
				22F2D2CF2A77695D003DA894 /* LUNA I CLOUD.json in Resources */,
				22F2D2D32A77695D003DA894 /* sun cloud rain.json in Resources */,
				22F2D2D52A77695D003DA894 /* cloud storm.json in Resources */,
				2234836D2A74253C007DC1E1 /* locatin red.json in Resources */,
				220EA68E2A739F3900BFBDE5 /* 3 shara default.json in Resources */,
				222D33F82A72775400004453 /* 3 shara faulty.json in Resources */,
				222D33F52A7253E000004453 /* 3 shara off.json in Resources */,
				22B3C9FB2A6FB24800548753 /* stroyka.json in Resources */,
				22F2D2CE2A77695D003DA894 /* LUNA.json in Resources */,
				22C0E2E02A73CCF3000FFAAB /* style.json in Resources */,
				22B3C9F52A6FAEE400548753 /* zavod.json in Resources */,
				222D33F62A7253E000004453 /* 3 shara.json in Resources */,
				22A58A442A6914A500E29710 /* LaunchScreen.storyboard in Resources */,
				2234836E2A74253C007DC1E1 /* locatin green tap.json in Resources */,
				22F2D2CC2A77695D003DA894 /* cloud snow.json in Resources */,
				22F2D2D12A77695D003DA894 /* veter.json in Resources */,
				22A58A412A6914A500E29710 /* Assets.xcassets in Resources */,
				22A58A3F2A6914A400E29710 /* Main.storyboard in Resources */,
				22F2D2D22A77695D003DA894 /* cloud rain.json in Resources */,
				22B3C9EF2A6FA65F00548753 /* ELKI 2.json in Resources */,
				2234836C2A74253C007DC1E1 /* locatin red tap.json in Resources */,
				22B3CA0F2A6FD00700548753 /* alarm warning.json in Resources */,
				2234836B2A74253C007DC1E1 /* locatin grey tap.json in Resources */,
				22F2D2D62A77695D003DA894 /* cloud grad.json in Resources */,
				22A58A602A69162D00E29710 /* solar_uzb.json in Resources */,
				22F2D2D02A77695D003DA894 /* sun.json in Resources */,
				2234836A2A74253C007DC1E1 /* locatin green.json in Resources */,
				220EA6942A73BF8400BFBDE5 /* cloud_sun.json in Resources */,
				22B3CA082A6FCD3A00548753 /* alarm pink.json in Resources */,
			);
			runOnlyForDeploymentPostprocessing = 0;
		};
/* End PBXResourcesBuildPhase section */

/* Begin PBXShellScriptBuildPhase section */
		399E2F67FB6E43677F553DD5 /* [CP] Check Pods Manifest.lock */ = {
			isa = PBXShellScriptBuildPhase;
			buildActionMask = 2147483647;
			files = (
			);
			inputFileListPaths = (
			);
			inputPaths = (
				"${PODS_PODFILE_DIR_PATH}/Podfile.lock",
				"${PODS_ROOT}/Manifest.lock",
			);
			name = "[CP] Check Pods Manifest.lock";
			outputFileListPaths = (
			);
			outputPaths = (
				"$(DERIVED_FILE_DIR)/Pods-FusionSolar-checkManifestLockResult.txt",
			);
			runOnlyForDeploymentPostprocessing = 0;
			shellPath = /bin/sh;
			shellScript = "diff \"${PODS_PODFILE_DIR_PATH}/Podfile.lock\" \"${PODS_ROOT}/Manifest.lock\" > /dev/null\nif [ $? != 0 ] ; then\n    # print error to STDERR\n    echo \"error: The sandbox is not in sync with the Podfile.lock. Run 'pod install' or update your CocoaPods installation.\" >&2\n    exit 1\nfi\n# This output is used by Xcode 'outputs' to avoid re-running this script phase.\necho \"SUCCESS\" > \"${SCRIPT_OUTPUT_FILE_0}\"\n";
			showEnvVarsInLog = 0;
		};
		AFE2F7643AB66E1CC35EAB4B /* [CP] Copy Pods Resources */ = {
			isa = PBXShellScriptBuildPhase;
			buildActionMask = 2147483647;
			files = (
			);
			inputFileListPaths = (
				"${PODS_ROOT}/Target Support Files/Pods-FusionSolar/Pods-FusionSolar-resources-${CONFIGURATION}-input-files.xcfilelist",
			);
			name = "[CP] Copy Pods Resources";
			outputFileListPaths = (
				"${PODS_ROOT}/Target Support Files/Pods-FusionSolar/Pods-FusionSolar-resources-${CONFIGURATION}-output-files.xcfilelist",
			);
			runOnlyForDeploymentPostprocessing = 0;
			shellPath = /bin/sh;
			shellScript = "\"${PODS_ROOT}/Target Support Files/Pods-FusionSolar/Pods-FusionSolar-resources.sh\"\n";
			showEnvVarsInLog = 0;
		};
/* End PBXShellScriptBuildPhase section */

/* Begin PBXSourcesBuildPhase section */
		22A58A302A6914A400E29710 /* Sources */ = {
			isa = PBXSourcesBuildPhase;
			buildActionMask = 2147483647;
			files = (
				2245356E2A72E056007F5708 /* BasicInfoController.swift in Sources */,
				223DCD152AA6F17000E1AF6C /* ValidateCookie.swift in Sources */,
				2260A4E02BD26E00003939DB /* BasicInfoAddressView.swift in Sources */,
				22A58A5E2A69160200E29710 /* SplashController.swift in Sources */,
				222D33EC2A722C0000004453 /* StationDevicesView.swift in Sources */,
				22A58A7E2A6A4A5D00E29710 /* HomeView.swift in Sources */,
				22A58A782A6A353000E29710 /* Profile.swift in Sources */,
				222D33F22A72365900004453 /* Weather.swift in Sources */,
				22A58A582A6915BA00E29710 /* CustomError.swift in Sources */,
				22C0E2DE2A73C70C000FFAAB /* MapView.swift in Sources */,
				22A58A5A2A6915CD00E29710 /* SimpleErrorView.swift in Sources */,
				229540CB2BD0E1D700BA0884 /* PlantsSearchView.swift in Sources */,
				22ED5C922A712BB6007C8AB1 /* TasksNavigationView.swift in Sources */,
				2260A4D22BD23688003939DB /* BigValueOverviewView.swift in Sources */,
				22B3C9DD2A6F792100548753 /* MaintenanceView.swift in Sources */,
				2260A4E32BD27710003939DB /* AlarmDetailBasicView.swift in Sources */,
				22ED5C892A70D7AC007C8AB1 /* DeviceFilterView.swift in Sources */,
				22B3C9E62A6F7CE700548753 /* DevicesView.swift in Sources */,
				22ED5C902A70F96D007C8AB1 /* LogoutQuestionView.swift in Sources */,
				2260A4DE2BD26DE6003939DB /* BasicInfoLargeView.swift in Sources */,
				222D33E12A7222F700004453 /* OverviewController.swift in Sources */,
				2260A4CE2BD2363E003939DB /* StatusOverviewView.swift in Sources */,
				22B3C9EB2A6F81A300548753 /* AlarmsStatisticView.swift in Sources */,
				22ED5C962A7136FB007C8AB1 /* EliminationTasksCellView.swift in Sources */,
				222D33E62A722A9400004453 /* OverviewView.swift in Sources */,
				22CE080B2A6FE79900E03A1B /* DeviceTypeSearchView.swift in Sources */,
				22A58A742A691AAC00E29710 /* SignInController.swift in Sources */,
				22A58A8B2A6A6D9000E29710 /* EmptyDataView.swift in Sources */,
				22ED5C942A7136B6007C8AB1 /* InspectionTasksCellView.swift in Sources */,
				22B3C9E02A6F79D000548753 /* MaintenanceNavigationView.swift in Sources */,
				22A1AA342A6BD8C9002AA262 /* StatisticPlantCellView.swift in Sources */,
				229540CF2BD11F8500BA0884 /* TotalStatisticsView.swift in Sources */,
				22B3C9E22A6F7AFC00548753 /* AlarmsCellView.swift in Sources */,
				22ED5C8E2A70F4C9007C8AB1 /* ChangeLanguageController.swift in Sources */,
				2260A4D42BD236A2003939DB /* BigValueOverviewCellView.swift in Sources */,
				22B3C9F72A6FB01C00548753 /* AlarmCellView.swift in Sources */,
				22A58A382A6914A400E29710 /* AppDelegate.swift in Sources */,
				22A58A7C2A6A3C6800E29710 /* MenuBar.swift in Sources */,
				22C53B892A6EA7C90014D195 /* MonthPickerView.swift in Sources */,
				22ED5C852A70C6A3007C8AB1 /* DeviceCellView.swift in Sources */,
				2260A4DC2BD26DCD003939DB /* BasicInfoSmallView.swift in Sources */,
				222D33FA2A72912200004453 /* StationChartsView.swift in Sources */,
				22A1AA302A6A93D1002AA262 /* PlantsFilterView.swift in Sources */,
				22A58A832A6A516100E29710 /* PlantsView.swift in Sources */,
				22A58A522A69154500E29710 /* Extensions.swift in Sources */,
				22A58A892A6A6BB600E29710 /* Station.swift in Sources */,
				22A58A852A6A52A200E29710 /* StatisticPlantView.swift in Sources */,
				22C53B8D2A6EAB410014D195 /* YearWheelPicker.swift in Sources */,
				22C53B832A6E8AAD0014D195 /* BalloonMarker.swift in Sources */,
				222D33F02A72361F00004453 /* WeatherView.swift in Sources */,
				22A58A762A6A2CE200E29710 /* LanguageController.swift in Sources */,
				22A1AA362A6C2687002AA262 /* GraphView.swift in Sources */,
				2260A4CC2BD2312A003939DB /* PlantMapInfoContentView.swift in Sources */,
				22CE080D2A6FF73300E03A1B /* Device.swift in Sources */,
				2260A4CA2BD230E4003939DB /* StatisticsMapView.swift in Sources */,
				22A58A722A6918A100E29710 /* HomeController.swift in Sources */,
				2260A4D02BD23662003939DB /* ValueOverviewView.swift in Sources */,
				222D33E32A72236F00004453 /* OverviewMenuBar.swift in Sources */,
				22ED5C872A70CA2C007C8AB1 /* DeviceInverterCellView.swift in Sources */,
				2260A4E72BD2775C003939DB /* AlarmContactView.swift in Sources */,
				22A58A542A69155E00E29710 /* ApiService.swift in Sources */,
				22ED5C982A713DF7007C8AB1 /* AlarmDetailController.swift in Sources */,
				229540D52BD12E4A00BA0884 /* EnvironmentalCellView.swift in Sources */,
				2260A4C82BD230C1003939DB /* AlarmStatisticsMapView.swift in Sources */,
				22A58A5C2A6915E300E29710 /* LoadingView.swift in Sources */,
				222D33E82A722BB300004453 /* StationStatisticsView.swift in Sources */,
				22B3C9E92A6F7D4200548753 /* ProfileView.swift in Sources */,
				22ED5C8C2A70ED5E007C8AB1 /* SettingsController.swift in Sources */,
				229540C92BD0E1BB00BA0884 /* PlantsTopView.swift in Sources */,
				2260A4E52BD27740003939DB /* AlarmDetailTextView.swift in Sources */,
				22C0E2E22A73E3C0000FFAAB /* PlantMapInfoView.swift in Sources */,
				223DCD132AA6E36C00E1AF6C /* UnissoLogin.swift in Sources */,
				22C53B8B2A6EA8EB0014D195 /* MonthYearWheelPicker.swift in Sources */,
				22B3C9F12A6FACA600548753 /* Alarm.swift in Sources */,
				22C53B8F2A6EAC5D0014D195 /* YearPickerView.swift in Sources */,
				22B3C9E42A6F7B5700548753 /* TasksCellView.swift in Sources */,
				222D33EE2A72313B00004453 /* StationRealKpi.swift in Sources */,
				22C53B872A6E96050014D195 /* DatePickerView.swift in Sources */,
				22C53B852A6E8F0B0014D195 /* XYMarkerView.swift in Sources */,
				22A58A872A6A6B3F00E29710 /* PlantCellView.swift in Sources */,
				2260A4D92BD24333003939DB /* OverviewAnimationView.swift in Sources */,
				229540D12BD12E0F00BA0884 /* StatisticsPlantsView.swift in Sources */,
				22A58A562A69159500E29710 /* JSONParse.swift in Sources */,
				229540C72BD0DEEE00BA0884 /* StatusNavigationView.swift in Sources */,
				229540D32BD12E2F00BA0884 /* EnvironmentalView.swift in Sources */,
			);
			runOnlyForDeploymentPostprocessing = 0;
		};
/* End PBXSourcesBuildPhase section */

/* Begin PBXVariantGroup section */
		22A58A3D2A6914A400E29710 /* Main.storyboard */ = {
			isa = PBXVariantGroup;
			children = (
				22A58A3E2A6914A400E29710 /* Base */,
				22A58A682A6916FC00E29710 /* ru-RU */,
				22A58A6B2A69171D00E29710 /* uz-UZ */,
				22A58A6E2A69173E00E29710 /* uz-Cyrl */,
			);
			name = Main.storyboard;
			sourceTree = "<group>";
		};
		22A58A422A6914A500E29710 /* LaunchScreen.storyboard */ = {
			isa = PBXVariantGroup;
			children = (
				22A58A432A6914A500E29710 /* Base */,
				22A58A692A6916FC00E29710 /* ru-RU */,
				22A58A6C2A69171D00E29710 /* uz-UZ */,
				22A58A6F2A69173E00E29710 /* uz-Cyrl */,
			);
			name = LaunchScreen.storyboard;
			sourceTree = "<group>";
		};
		22A58A672A6916C700E29710 /* Localizable.strings */ = {
			isa = PBXVariantGroup;
			children = (
				22A58A662A6916C700E29710 /* en */,
				22A58A6A2A6916FC00E29710 /* ru-RU */,
				22A58A6D2A69171D00E29710 /* uz-UZ */,
				22A58A702A69173E00E29710 /* uz-Cyrl */,
			);
			name = Localizable.strings;
			sourceTree = "<group>";
		};
/* End PBXVariantGroup section */

/* Begin XCBuildConfiguration section */
		22A58A462A6914A500E29710 /* Debug */ = {
			isa = XCBuildConfiguration;
			buildSettings = {
				ALWAYS_SEARCH_USER_PATHS = NO;
				CLANG_ANALYZER_LOCALIZABILITY_NONLOCALIZED = YES;
				CLANG_ANALYZER_NONNULL = YES;
				CLANG_ANALYZER_NUMBER_OBJECT_CONVERSION = YES_AGGRESSIVE;
				CLANG_CXX_LANGUAGE_STANDARD = "gnu++20";
				CLANG_ENABLE_MODULES = YES;
				CLANG_ENABLE_OBJC_ARC = YES;
				CLANG_ENABLE_OBJC_WEAK = YES;
				CLANG_WARN_BLOCK_CAPTURE_AUTORELEASING = YES;
				CLANG_WARN_BOOL_CONVERSION = YES;
				CLANG_WARN_COMMA = YES;
				CLANG_WARN_CONSTANT_CONVERSION = YES;
				CLANG_WARN_DEPRECATED_OBJC_IMPLEMENTATIONS = YES;
				CLANG_WARN_DIRECT_OBJC_ISA_USAGE = YES_ERROR;
				CLANG_WARN_DOCUMENTATION_COMMENTS = YES;
				CLANG_WARN_EMPTY_BODY = YES;
				CLANG_WARN_ENUM_CONVERSION = YES;
				CLANG_WARN_INFINITE_RECURSION = YES;
				CLANG_WARN_INT_CONVERSION = YES;
				CLANG_WARN_NON_LITERAL_NULL_CONVERSION = YES;
				CLANG_WARN_OBJC_IMPLICIT_RETAIN_SELF = YES;
				CLANG_WARN_OBJC_LITERAL_CONVERSION = YES;
				CLANG_WARN_OBJC_ROOT_CLASS = YES_ERROR;
				CLANG_WARN_QUOTED_INCLUDE_IN_FRAMEWORK_HEADER = YES;
				CLANG_WARN_RANGE_LOOP_ANALYSIS = YES;
				CLANG_WARN_STRICT_PROTOTYPES = YES;
				CLANG_WARN_SUSPICIOUS_MOVE = YES;
				CLANG_WARN_UNGUARDED_AVAILABILITY = YES_AGGRESSIVE;
				CLANG_WARN_UNREACHABLE_CODE = YES;
				CLANG_WARN__DUPLICATE_METHOD_MATCH = YES;
				COPY_PHASE_STRIP = NO;
				DEBUG_INFORMATION_FORMAT = dwarf;
				ENABLE_STRICT_OBJC_MSGSEND = YES;
				ENABLE_TESTABILITY = YES;
				GCC_C_LANGUAGE_STANDARD = gnu11;
				GCC_DYNAMIC_NO_PIC = NO;
				GCC_NO_COMMON_BLOCKS = YES;
				GCC_OPTIMIZATION_LEVEL = 0;
				GCC_PREPROCESSOR_DEFINITIONS = (
					"DEBUG=1",
					"$(inherited)",
				);
				GCC_WARN_64_TO_32_BIT_CONVERSION = YES;
				GCC_WARN_ABOUT_RETURN_TYPE = YES_ERROR;
				GCC_WARN_UNDECLARED_SELECTOR = YES;
				GCC_WARN_UNINITIALIZED_AUTOS = YES_AGGRESSIVE;
				GCC_WARN_UNUSED_FUNCTION = YES;
				GCC_WARN_UNUSED_VARIABLE = YES;
				IPHONEOS_DEPLOYMENT_TARGET = 16.4;
				MTL_ENABLE_DEBUG_INFO = INCLUDE_SOURCE;
				MTL_FAST_MATH = YES;
				ONLY_ACTIVE_ARCH = YES;
				SDKROOT = iphoneos;
				SWIFT_ACTIVE_COMPILATION_CONDITIONS = DEBUG;
				SWIFT_OPTIMIZATION_LEVEL = "-Onone";
			};
			name = Debug;
		};
		22A58A472A6914A500E29710 /* Release */ = {
			isa = XCBuildConfiguration;
			buildSettings = {
				ALWAYS_SEARCH_USER_PATHS = NO;
				CLANG_ANALYZER_LOCALIZABILITY_NONLOCALIZED = YES;
				CLANG_ANALYZER_NONNULL = YES;
				CLANG_ANALYZER_NUMBER_OBJECT_CONVERSION = YES_AGGRESSIVE;
				CLANG_CXX_LANGUAGE_STANDARD = "gnu++20";
				CLANG_ENABLE_MODULES = YES;
				CLANG_ENABLE_OBJC_ARC = YES;
				CLANG_ENABLE_OBJC_WEAK = YES;
				CLANG_WARN_BLOCK_CAPTURE_AUTORELEASING = YES;
				CLANG_WARN_BOOL_CONVERSION = YES;
				CLANG_WARN_COMMA = YES;
				CLANG_WARN_CONSTANT_CONVERSION = YES;
				CLANG_WARN_DEPRECATED_OBJC_IMPLEMENTATIONS = YES;
				CLANG_WARN_DIRECT_OBJC_ISA_USAGE = YES_ERROR;
				CLANG_WARN_DOCUMENTATION_COMMENTS = YES;
				CLANG_WARN_EMPTY_BODY = YES;
				CLANG_WARN_ENUM_CONVERSION = YES;
				CLANG_WARN_INFINITE_RECURSION = YES;
				CLANG_WARN_INT_CONVERSION = YES;
				CLANG_WARN_NON_LITERAL_NULL_CONVERSION = YES;
				CLANG_WARN_OBJC_IMPLICIT_RETAIN_SELF = YES;
				CLANG_WARN_OBJC_LITERAL_CONVERSION = YES;
				CLANG_WARN_OBJC_ROOT_CLASS = YES_ERROR;
				CLANG_WARN_QUOTED_INCLUDE_IN_FRAMEWORK_HEADER = YES;
				CLANG_WARN_RANGE_LOOP_ANALYSIS = YES;
				CLANG_WARN_STRICT_PROTOTYPES = YES;
				CLANG_WARN_SUSPICIOUS_MOVE = YES;
				CLANG_WARN_UNGUARDED_AVAILABILITY = YES_AGGRESSIVE;
				CLANG_WARN_UNREACHABLE_CODE = YES;
				CLANG_WARN__DUPLICATE_METHOD_MATCH = YES;
				COPY_PHASE_STRIP = NO;
				DEBUG_INFORMATION_FORMAT = "dwarf-with-dsym";
				ENABLE_NS_ASSERTIONS = NO;
				ENABLE_STRICT_OBJC_MSGSEND = YES;
				GCC_C_LANGUAGE_STANDARD = gnu11;
				GCC_NO_COMMON_BLOCKS = YES;
				GCC_WARN_64_TO_32_BIT_CONVERSION = YES;
				GCC_WARN_ABOUT_RETURN_TYPE = YES_ERROR;
				GCC_WARN_UNDECLARED_SELECTOR = YES;
				GCC_WARN_UNINITIALIZED_AUTOS = YES_AGGRESSIVE;
				GCC_WARN_UNUSED_FUNCTION = YES;
				GCC_WARN_UNUSED_VARIABLE = YES;
				IPHONEOS_DEPLOYMENT_TARGET = 16.4;
				MTL_ENABLE_DEBUG_INFO = NO;
				MTL_FAST_MATH = YES;
				SDKROOT = iphoneos;
				SWIFT_COMPILATION_MODE = wholemodule;
				SWIFT_OPTIMIZATION_LEVEL = "-O";
				VALIDATE_PRODUCT = YES;
			};
			name = Release;
		};
		22A58A492A6914A500E29710 /* Debug */ = {
			isa = XCBuildConfiguration;
			baseConfigurationReference = BD7011CF20E7132978DA55FB /* Pods-FusionSolar.debug.xcconfig */;
			buildSettings = {
				ASSETCATALOG_COMPILER_APPICON_NAME = AppIcon;
				ASSETCATALOG_COMPILER_GLOBAL_ACCENT_COLOR_NAME = AccentColor;
				CODE_SIGN_STYLE = Automatic;
				CURRENT_PROJECT_VERSION = 2;
				DEVELOPMENT_TEAM = R37J42Q9W7;
				GENERATE_INFOPLIST_FILE = YES;
				INFOPLIST_FILE = FusionSolar/Info.plist;
				INFOPLIST_KEY_CFBundleDisplayName = "Fusion Solar App Uzbekistan";
				INFOPLIST_KEY_NSLocationAlwaysAndWhenInUseUsageDescription = "Приложение Fusion Solar App Uzbekistan запрашивает гео данные для отображения вашей позиции на карте";
				INFOPLIST_KEY_NSLocationAlwaysUsageDescription = "Приложение Fusion Solar App Uzbekistan запрашивает гео данные для отображения вашей позиции на карте";
				INFOPLIST_KEY_NSLocationWhenInUseUsageDescription = "Приложение Fusion Solar App Uzbekistan запрашивает гео данные для отображения вашей позиции на карте";
				INFOPLIST_KEY_UIApplicationSupportsIndirectInputEvents = YES;
				INFOPLIST_KEY_UILaunchStoryboardName = LaunchScreen;
				INFOPLIST_KEY_UISupportedInterfaceOrientations = UIInterfaceOrientationPortrait;
				INFOPLIST_KEY_UISupportedInterfaceOrientations_iPad = "UIInterfaceOrientationLandscapeLeft UIInterfaceOrientationLandscapeRight UIInterfaceOrientationPortrait UIInterfaceOrientationPortraitUpsideDown";
				IPHONEOS_DEPLOYMENT_TARGET = 14.0;
				LD_RUNPATH_SEARCH_PATHS = (
					"$(inherited)",
					"@executable_path/Frameworks",
				);
				MARKETING_VERSION = 1.0;
				PRODUCT_BUNDLE_IDENTIFIER = org.sabgmes.solarapp;
				PRODUCT_NAME = "$(TARGET_NAME)";
				SWIFT_EMIT_LOC_STRINGS = YES;
				SWIFT_VERSION = 5.0;
				TARGETED_DEVICE_FAMILY = "1,2";
			};
			name = Debug;
		};
		22A58A4A2A6914A500E29710 /* Release */ = {
			isa = XCBuildConfiguration;
			baseConfigurationReference = 97DAEB275D4574077463EF0B /* Pods-FusionSolar.release.xcconfig */;
			buildSettings = {
				ASSETCATALOG_COMPILER_APPICON_NAME = AppIcon;
				ASSETCATALOG_COMPILER_GLOBAL_ACCENT_COLOR_NAME = AccentColor;
				CODE_SIGN_STYLE = Automatic;
				CURRENT_PROJECT_VERSION = 2;
				DEVELOPMENT_TEAM = R37J42Q9W7;
				GENERATE_INFOPLIST_FILE = YES;
				INFOPLIST_FILE = FusionSolar/Info.plist;
				INFOPLIST_KEY_CFBundleDisplayName = "Fusion Solar App Uzbekistan";
				INFOPLIST_KEY_NSLocationAlwaysAndWhenInUseUsageDescription = "Приложение Fusion Solar App Uzbekistan запрашивает гео данные для отображения вашей позиции на карте";
				INFOPLIST_KEY_NSLocationAlwaysUsageDescription = "Приложение Fusion Solar App Uzbekistan запрашивает гео данные для отображения вашей позиции на карте";
				INFOPLIST_KEY_NSLocationWhenInUseUsageDescription = "Приложение Fusion Solar App Uzbekistan запрашивает гео данные для отображения вашей позиции на карте";
				INFOPLIST_KEY_UIApplicationSupportsIndirectInputEvents = YES;
				INFOPLIST_KEY_UILaunchStoryboardName = LaunchScreen;
				INFOPLIST_KEY_UISupportedInterfaceOrientations = UIInterfaceOrientationPortrait;
				INFOPLIST_KEY_UISupportedInterfaceOrientations_iPad = "UIInterfaceOrientationLandscapeLeft UIInterfaceOrientationLandscapeRight UIInterfaceOrientationPortrait UIInterfaceOrientationPortraitUpsideDown";
				IPHONEOS_DEPLOYMENT_TARGET = 14.0;
				LD_RUNPATH_SEARCH_PATHS = (
					"$(inherited)",
					"@executable_path/Frameworks",
				);
				MARKETING_VERSION = 1.0;
				PRODUCT_BUNDLE_IDENTIFIER = org.sabgmes.solarapp;
				PRODUCT_NAME = "$(TARGET_NAME)";
				SWIFT_EMIT_LOC_STRINGS = YES;
				SWIFT_VERSION = 5.0;
				TARGETED_DEVICE_FAMILY = "1,2";
			};
			name = Release;
		};
/* End XCBuildConfiguration section */

/* Begin XCConfigurationList section */
		22A58A2F2A6914A400E29710 /* Build configuration list for PBXProject "FusionSolar" */ = {
			isa = XCConfigurationList;
			buildConfigurations = (
				22A58A462A6914A500E29710 /* Debug */,
				22A58A472A6914A500E29710 /* Release */,
			);
			defaultConfigurationIsVisible = 0;
			defaultConfigurationName = Release;
		};
		22A58A482A6914A500E29710 /* Build configuration list for PBXNativeTarget "FusionSolar" */ = {
			isa = XCConfigurationList;
			buildConfigurations = (
				22A58A492A6914A500E29710 /* Debug */,
				22A58A4A2A6914A500E29710 /* Release */,
			);
			defaultConfigurationIsVisible = 0;
			defaultConfigurationName = Release;
		};
/* End XCConfigurationList section */
	};
	rootObject = 22A58A2C2A6914A400E29710 /* Project object */;
}
